<?xml version="1.0" encoding="utf-8"?>
<Project ToolsVersion="4.0" xmlns="http://schemas.microsoft.com/developer/msbuild/2003">
  <ItemGroup>
    <Filter Include="Source Files">
      <UniqueIdentifier>{4FC737F1-C7A5-4376-A066-2A32D752A2FF}</UniqueIdentifier>
      <Extensions>cpp;c;cc;cxx;def;odl;idl;hpj;bat;asm;asmx</Extensions>
    </Filter>
    <Filter Include="Header Files">
      <UniqueIdentifier>{93995380-89BD-4b04-88EB-625FBE52EBFB}</UniqueIdentifier>
      <Extensions>h;hh;hpp;hxx;hm;inl;inc;xsd</Extensions>
    </Filter>
    <Filter Include="Resource Files">
      <UniqueIdentifier>{67DA6AB6-F800-4c08-8B7A-83BB121AAD01}</UniqueIdentifier>
      <Extensions>rc;ico;cur;bmp;dlg;rc2;rct;bin;rgs;gif;jpg;jpeg;jpe;resx;tiff;tif;png;wav</Extensions>
    </Filter>
  </ItemGroup>
  <ItemGroup>
    <ClCompile Include="30daysofcode\Day13AbstractClasses.cpp">
      <Filter>Source Files</Filter>
    </ClCompile>
    <ClCompile Include="30daysofcode\Day19Interfaces.cpp">
      <Filter>Source Files</Filter>
    </ClCompile>
    <ClCompile Include="algorithms\AbsolutePermutation.cpp">
      <Filter>Source Files</Filter>
    </ClCompile>
    <ClCompile Include="algorithms\AngryProfessor.cpp">
      <Filter>Source Files</Filter>
    </ClCompile>
    <ClCompile Include="algorithms\AVeryBigSum.cpp">
      <Filter>Source Files</Filter>
    </ClCompile>
    <ClCompile Include="algorithms\BiggerIsGreater.cpp">
      <Filter>Source Files</Filter>
    </ClCompile>
    <ClCompile Include="algorithms\CircularArrayRotation.cpp">
      <Filter>Source Files</Filter>
    </ClCompile>
    <ClCompile Include="algorithms\ClosetsNumber.cpp">
      <Filter>Source Files</Filter>
    </ClCompile>
    <ClCompile Include="algorithms\CompareTheTriplets.cpp">
      <Filter>Source Files</Filter>
    </ClCompile>
    <ClCompile Include="algorithms\CorrectnessAndtheLoopInvariant.cpp">
      <Filter>Source Files</Filter>
    </ClCompile>
    <ClCompile Include="algorithms\CountingSort1.cpp">
      <Filter>Source Files</Filter>
    </ClCompile>
    <ClCompile Include="algorithms\CountingSort2.cpp">
      <Filter>Source Files</Filter>
    </ClCompile>
    <ClCompile Include="algorithms\CountingSort3.cpp">
      <Filter>Source Files</Filter>
    </ClCompile>
    <ClCompile Include="algorithms\CutTheSticks.cpp">
      <Filter>Source Files</Filter>
    </ClCompile>
    <ClCompile Include="algorithms\DiagonalDifference.cpp">
      <Filter>Source Files</Filter>
    </ClCompile>
    <ClCompile Include="algorithms\DivisibleSumPairs.cpp">
      <Filter>Source Files</Filter>
    </ClCompile>
    <ClCompile Include="algorithms\EqualStacks.cpp">
      <Filter>Source Files</Filter>
    </ClCompile>
    <ClCompile Include="algorithms\EvenTree.cpp">
      <Filter>Source Files</Filter>
    </ClCompile>
    <ClCompile Include="algorithms\FibonacciModified.cpp">
      <Filter>Source Files</Filter>
    </ClCompile>
    <ClCompile Include="algorithms\FindtheMedian.cpp">
      <Filter>Source Files</Filter>
    </ClCompile>
    <ClCompile Include="algorithms\FlatlandSpaceStations.cpp">
      <Filter>Source Files</Filter>
    </ClCompile>
    <ClCompile Include="algorithms\InsertionSortPart1.cpp">
      <Filter>Source Files</Filter>
    </ClCompile>
    <ClCompile Include="algorithms\InsertionSortPart2.cpp">
      <Filter>Source Files</Filter>
    </ClCompile>
    <ClCompile Include="algorithms\IntroToTutorialChallenges.cpp">
      <Filter>Source Files</Filter>
    </ClCompile>
    <ClCompile Include="algorithms\JumpingOnTheClouds.cpp">
      <Filter>Source Files</Filter>
    </ClCompile>
    <ClCompile Include="algorithms\JumpingOntheCloudsRevisited.cpp">
      <Filter>Source Files</Filter>
    </ClCompile>
    <ClCompile Include="algorithms\Kangaroo.cpp">
      <Filter>Source Files</Filter>
    </ClCompile>
    <ClCompile Include="algorithms\LisasWorkbook.cpp">
      <Filter>Source Files</Filter>
    </ClCompile>
    <ClCompile Include="algorithms\NewYearChaos.cpp">
      <Filter>Source Files</Filter>
    </ClCompile>
    <ClCompile Include="algorithms\NonDivisibleSubset.cpp">
      <Filter>Source Files</Filter>
    </ClCompile>
    <ClCompile Include="algorithms\PlusMinus.cpp">
      <Filter>Source Files</Filter>
    </ClCompile>
    <ClCompile Include="algorithms\Quicksort1Partition.cpp">
      <Filter>Source Files</Filter>
    </ClCompile>
    <ClCompile Include="algorithms\Quicksort2Sorting.cpp">
      <Filter>Source Files</Filter>
    </ClCompile>
    <ClCompile Include="algorithms\QuicksortInPlace.cpp">
      <Filter>Source Files</Filter>
    </ClCompile>
    <ClCompile Include="algorithms\RunningTimeOfAlgorithms.cpp">
      <Filter>Source Files</Filter>
    </ClCompile>
    <ClCompile Include="algorithms\RunningTimeOfQuicksort.cpp">
      <Filter>Source Files</Filter>
    </ClCompile>
    <ClCompile Include="algorithms\SavethePrisoner.cpp">
      <Filter>Source Files</Filter>
    </ClCompile>
    <ClCompile Include="algorithms\SimpleArraySum.cpp">
      <Filter>Source Files</Filter>
    </ClCompile>
    <ClCompile Include="algorithms\SolveMeFirst.cpp">
      <Filter>Source Files</Filter>
    </ClCompile>
    <ClCompile Include="algorithms\Staircase.cpp">
      <Filter>Source Files</Filter>
    </ClCompile>
    <ClCompile Include="algorithms\StrangeCounter.cpp">
      <Filter>Source Files</Filter>
    </ClCompile>
    <ClCompile Include="algorithms\SuperReducedString.cpp">
      <Filter>Source Files</Filter>
    </ClCompile>
    <ClCompile Include="algorithms\TheFullCountingSort.cpp">
      <Filter>Source Files</Filter>
    </ClCompile>
    <ClCompile Include="algorithms\TimeConversion.cpp">
      <Filter>Source Files</Filter>
    </ClCompile>
    <ClCompile Include="cpp\AbstractClassesPolymorphism.cpp">
      <Filter>Source Files</Filter>
    </ClCompile>
    <ClCompile Include="cpp\AccessingInheritedFunctions.cpp">
      <Filter>Source Files</Filter>
    </ClCompile>
    <ClCompile Include="cpp\ArraysIntroduction.cpp">
      <Filter>Source Files</Filter>
    </ClCompile>
    <ClCompile Include="cpp\AttendingWorkshops.cpp">
      <Filter>Source Files</Filter>
    </ClCompile>
    <ClCompile Include="cpp\AttributeParser.cpp">
      <Filter>Source Files</Filter>
    </ClCompile>
    <ClCompile Include="cpp\BasicDataTypes.cpp">
      <Filter>Source Files</Filter>
    </ClCompile>
    <ClCompile Include="cpp\BitArray.cpp">
      <Filter>Source Files</Filter>
    </ClCompile>
    <ClCompile Include="cpp\BoxIt.cpp">
      <Filter>Source Files</Filter>
    </ClCompile>
    <ClCompile Include="cpp\Class.cpp">
      <Filter>Source Files</Filter>
    </ClCompile>
    <ClCompile Include="cpp\ClassesAndObjects.cpp">
      <Filter>Source Files</Filter>
    </ClCompile>
    <ClCompile Include="cpp\ConditionalStatements.cpp">
      <Filter>Source Files</Filter>
    </ClCompile>
    <ClCompile Include="cpp\CPPClassTemplates.cpp">
      <Filter>Source Files</Filter>
    </ClCompile>
    <ClCompile Include="cpp\CPPClassTemplateSpecialization.cpp">
      <Filter>Source Files</Filter>
    </ClCompile>
    <ClCompile Include="cpp\CPPVariadics.cpp">
      <Filter>Source Files</Filter>
    </ClCompile>
    <ClCompile Include="cpp\DequeSTL.cpp">
      <Filter>Source Files</Filter>
    </ClCompile>
    <ClCompile Include="cpp\ExceptionalServer.cpp">
      <Filter>Source Files</Filter>
    </ClCompile>
    <ClCompile Include="cpp\ForLoop.cpp">
      <Filter>Source Files</Filter>
    </ClCompile>
    <ClCompile Include="cpp\InheritanceIntroduction.cpp">
      <Filter>Source Files</Filter>
    </ClCompile>
    <ClCompile Include="cpp\InheritedCode.cpp">
      <Filter>Source Files</Filter>
    </ClCompile>
    <ClCompile Include="cpp\InputAndOutput.cpp">
      <Filter>Source Files</Filter>
    </ClCompile>
    <ClCompile Include="cpp\LowerBoundSTL.cpp">
      <Filter>Source Files</Filter>
    </ClCompile>
    <ClCompile Include="cpp\MagicSpells.cpp">
      <Filter>Source Files</Filter>
    </ClCompile>
    <ClCompile Include="cpp\MapsSTL.cpp">
      <Filter>Source Files</Filter>
    </ClCompile>
    <ClCompile Include="cpp\MultiLevelInheritance.cpp">
      <Filter>Source Files</Filter>
    </ClCompile>
    <ClCompile Include="cpp\OperatorOverloading.cpp">
      <Filter>Source Files</Filter>
    </ClCompile>
    <ClCompile Include="cpp\OverloadOperators.cpp">
      <Filter>Source Files</Filter>
    </ClCompile>
    <ClCompile Include="cpp\PrintPretty.cpp">
      <Filter>Source Files</Filter>
    </ClCompile>
    <ClCompile Include="cpp\RectangleArea.cpp">
      <Filter>Source Files</Filter>
    </ClCompile>
    <ClCompile Include="cpp\SayHelloWorldWithCpp.cpp">
      <Filter>Source Files</Filter>
    </ClCompile>
    <ClCompile Include="cpp\SetsSTL.cpp">
      <Filter>Source Files</Filter>
    </ClCompile>
    <ClCompile Include="cpp\Strings.cpp">
      <Filter>Source Files</Filter>
    </ClCompile>
    <ClCompile Include="cpp\StringStream.cpp">
      <Filter>Source Files</Filter>
    </ClCompile>
    <ClCompile Include="cpp\Structs.cpp">
      <Filter>Source Files</Filter>
    </ClCompile>
    <ClCompile Include="cpp\VariableSizedArrays.cpp">
      <Filter>Source Files</Filter>
    </ClCompile>
    <ClCompile Include="cpp\VectorErase.cpp">
      <Filter>Source Files</Filter>
    </ClCompile>
    <ClCompile Include="cpp\VectorSort.cpp">
      <Filter>Source Files</Filter>
    </ClCompile>
    <ClCompile Include="cpp\VirtualFunctions.cpp">
      <Filter>Source Files</Filter>
    </ClCompile>
    <ClCompile Include="crackingthecodinginterview\ArraysLeftRotation.cpp">
      <Filter>Source Files</Filter>
    </ClCompile>
    <ClCompile Include="crackingthecodinginterview\HashTablesRansomNote.cpp">
      <Filter>Source Files</Filter>
    </ClCompile>
    <ClCompile Include="crackingthecodinginterview\SortingBubbleSort.cpp">
      <Filter>Source Files</Filter>
    </ClCompile>
    <ClCompile Include="crackingthecodinginterview\SortingComparator.cpp">
      <Filter>Source Files</Filter>
    </ClCompile>
    <ClCompile Include="crackingthecodinginterview\StringsMakingAnagrams.cpp">
      <Filter>Source Files</Filter>
    </ClCompile>
    <ClCompile Include="datastructures\2DArraysDS.cpp">
      <Filter>Source Files</Filter>
    </ClCompile>
    <ClCompile Include="datastructures\ArraysDS.cpp">
      <Filter>Source Files</Filter>
    </ClCompile>
    <ClCompile Include="datastructures\CompareTwoLinkedLists.cpp">
      <Filter>Source Files</Filter>
    </ClCompile>
    <ClCompile Include="datastructures\DeleteaNode.cpp">
      <Filter>Source Files</Filter>
    </ClCompile>
    <ClCompile Include="datastructures\DynamicArray.cpp">
      <Filter>Source Files</Filter>
    </ClCompile>
    <ClCompile Include="datastructures\InsertaNodeAtaSpecificPositionInaLinkedList.cpp">
      <Filter>Source Files</Filter>
    </ClCompile>
    <ClCompile Include="datastructures\InsertaNodeAtTheHeadOfaLinkedList.cpp">
      <Filter>Source Files</Filter>
    </ClCompile>
    <ClCompile Include="datastructures\InsertaNodeAtTheTailOfaLinkedList.cpp">
      <Filter>Source Files</Filter>
    </ClCompile>
    <ClCompile Include="datastructures\LeftRotation.cpp">
      <Filter>Source Files</Filter>
    </ClCompile>
    <ClCompile Include="datastructures\MergeTwoSortedLinkedLists.cpp">
      <Filter>Source Files</Filter>
    </ClCompile>
    <ClCompile Include="datastructures\PrintInReverse.cpp">
      <Filter>Source Files</Filter>
    </ClCompile>
    <ClCompile Include="datastructures\PrintTheElementsOfaLinkedList.cpp">
      <Filter>Source Files</Filter>
    </ClCompile>
    <ClCompile Include="datastructures\ReverseaLinkedList.cpp">
      <Filter>Source Files</Filter>
    </ClCompile>
    <ClCompile Include="datastructures\SparseArrays.cpp">
      <Filter>Source Files</Filter>
    </ClCompile>
    <ClCompile Include="mathematics\FindPoint.cpp">
      <Filter>Source Files</Filter>
    </ClCompile>
    <ClCompile Include="mathematics\Handshake.cpp">
      <Filter>Source Files</Filter>
    </ClCompile>
    <ClCompile Include="mathematics\MaximumDraws.cpp">
      <Filter>Source Files</Filter>
    </ClCompile>
    <ClCompile Include="mathematics\PossiblePath.cpp">
      <Filter>Source Files</Filter>
    </ClCompile>
  </ItemGroup>
  <ItemGroup>
    <ClInclude Include="HackerRank-Bridging-Header.h">
      <Filter>Header Files</Filter>
    </ClInclude>
  </ItemGroup>
</Project>