// !$*UTF8*$!
{
	archiveVersion = 1;
	classes = {
	};
	objectVersion = 46;
	objects = {

/* Begin PBXBuildFile section */
		5F83D72B1E00B649000C7512 /* TreeLevelOrderTraversal.cpp in Sources */ = {isa = PBXBuildFile; fileRef = 5F83D72A1E00B649000C7512 /* TreeLevelOrderTraversal.cpp */; };
/* End PBXBuildFile section */

/* Begin PBXCopyFilesBuildPhase section */
		5FE2DB871D4D5ABD007CDFD2 /* CopyFiles */ = {
			isa = PBXCopyFilesBuildPhase;
			buildActionMask = 2147483647;
			dstPath = /usr/share/man/man1/;
			dstSubfolderSpec = 0;
			files = (
			);
			runOnlyForDeploymentPostprocessing = 1;
		};
/* End PBXCopyFilesBuildPhase section */

/* Begin PBXFileReference section */
		45125BD71DAE5281007F910F /* Day25RunningTimeandComplexity.swift */ = {isa = PBXFileReference; fileEncoding = 4; lastKnownFileType = sourcecode.swift; name = Day25RunningTimeandComplexity.swift; path = 30DaysOfCode/Day25RunningTimeandComplexity.swift; sourceTree = SOURCE_ROOT; };
		4512BF4E1D6C6B9C00FECE1E /* LowerBoundSTL.cpp */ = {isa = PBXFileReference; fileEncoding = 4; lastKnownFileType = sourcecode.cpp.cpp; path = LowerBoundSTL.cpp; sourceTree = "<group>"; };
		4512BF501D6C77CF00FECE1E /* SetsSTL.cpp */ = {isa = PBXFileReference; fileEncoding = 4; lastKnownFileType = sourcecode.cpp.cpp; path = SetsSTL.cpp; sourceTree = "<group>"; };
		451384021DAFA9D000C842BE /* Day26NestedLogic.swift */ = {isa = PBXFileReference; fileEncoding = 4; lastKnownFileType = sourcecode.swift; name = Day26NestedLogic.swift; path = 30DaysOfCode/Day26NestedLogic.swift; sourceTree = SOURCE_ROOT; };
		4513C66B1D6DF59A007641A2 /* PrintPretty.cpp */ = {isa = PBXFileReference; fileEncoding = 4; lastKnownFileType = sourcecode.cpp.cpp; path = PrintPretty.cpp; sourceTree = "<group>"; };
		4515E9351D9D2FF2009AE531 /* Day12Inheritance.swift */ = {isa = PBXFileReference; fileEncoding = 4; lastKnownFileType = sourcecode.swift; path = Day12Inheritance.swift; sourceTree = "<group>"; };
		45240F6C1D7EDE1D00A307E2 /* CorrectnessAndtheLoopInvariant.cpp */ = {isa = PBXFileReference; fileEncoding = 4; lastKnownFileType = sourcecode.cpp.cpp; path = CorrectnessAndtheLoopInvariant.cpp; sourceTree = "<group>"; };
		45240F6E1D7EE42C00A307E2 /* RunningTimeOfAlgorithms.cpp */ = {isa = PBXFileReference; fileEncoding = 4; lastKnownFileType = sourcecode.cpp.cpp; path = RunningTimeOfAlgorithms.cpp; sourceTree = "<group>"; };
		4525BE9E1DCA0E3800CF61D4 /* StacksBalancedBrackets.m */ = {isa = PBXFileReference; fileEncoding = 4; lastKnownFileType = sourcecode.c.objc; path = StacksBalancedBrackets.m; sourceTree = "<group>"; };
		452A576D1D6CA76100C845E7 /* MapsSTL.cpp */ = {isa = PBXFileReference; fileEncoding = 4; lastKnownFileType = sourcecode.cpp.cpp; path = MapsSTL.cpp; sourceTree = "<group>"; };
		455E93601D9BDCD000CADD96 /* Day112DArrays.swift */ = {isa = PBXFileReference; fileEncoding = 4; lastKnownFileType = sourcecode.swift; name = Day112DArrays.swift; path = 30DaysOfCode/Day112DArrays.swift; sourceTree = SOURCE_ROOT; };
		456E2FF41DC223B90040F4E5 /* HashTablesRansomNote.cpp */ = {isa = PBXFileReference; fileEncoding = 4; lastKnownFileType = sourcecode.cpp.cpp; path = HashTablesRansomNote.cpp; sourceTree = "<group>"; };
		4576A80F1D93F78B0013A1B9 /* Day5Loops.swift */ = {isa = PBXFileReference; fileEncoding = 4; lastKnownFileType = sourcecode.swift; path = Day5Loops.swift; sourceTree = "<group>"; };
		4576A8111D93F79D0013A1B9 /* HackerRank-Bridging-Header.h */ = {isa = PBXFileReference; lastKnownFileType = sourcecode.c.h; path = "HackerRank-Bridging-Header.h"; sourceTree = "<group>"; };
		45785E421D70658600CD4E42 /* MagicSpells.cpp */ = {isa = PBXFileReference; fileEncoding = 4; lastKnownFileType = sourcecode.cpp.cpp; path = MagicSpells.cpp; sourceTree = "<group>"; };
		457C50B01DA27E5F0036E9A3 /* Day16ExceptionsStringtoInteger.swift */ = {isa = PBXFileReference; fileEncoding = 4; lastKnownFileType = sourcecode.swift; path = Day16ExceptionsStringtoInteger.swift; sourceTree = "<group>"; };
		458CA0D61D6F061800B2C918 /* InheritanceIntroduction.cpp */ = {isa = PBXFileReference; fileEncoding = 4; lastKnownFileType = sourcecode.cpp.cpp; path = InheritanceIntroduction.cpp; sourceTree = "<group>"; };
		458CA0D81D6F074400B2C918 /* RectangleArea.cpp */ = {isa = PBXFileReference; fileEncoding = 4; lastKnownFileType = sourcecode.cpp.cpp; path = RectangleArea.cpp; sourceTree = "<group>"; };
		458CA0DA1D6F137900B2C918 /* MultiLevelInheritance.cpp */ = {isa = PBXFileReference; fileEncoding = 4; lastKnownFileType = sourcecode.cpp.cpp; path = MultiLevelInheritance.cpp; sourceTree = "<group>"; };
		458CA0DC1D6F14D800B2C918 /* AccessingInheritedFunctions.cpp */ = {isa = PBXFileReference; fileEncoding = 4; lastKnownFileType = sourcecode.cpp.cpp; path = AccessingInheritedFunctions.cpp; sourceTree = "<group>"; };
		459123F81D915C0F0044C589 /* Day3IntroToConditionalStatements.swift */ = {isa = PBXFileReference; fileEncoding = 4; lastKnownFileType = sourcecode.swift; path = Day3IntroToConditionalStatements.swift; sourceTree = "<group>"; };
		4595567C1DA668BF001768DA /* Day19Interfaces.cpp */ = {isa = PBXFileReference; fileEncoding = 4; lastKnownFileType = sourcecode.cpp.cpp; name = Day19Interfaces.cpp; path = 30DaysOfCode/Day19Interfaces.cpp; sourceTree = SOURCE_ROOT; };
		45A23BBC1D896A9B00ECCF33 /* QuicksortInPlace.cpp */ = {isa = PBXFileReference; fileEncoding = 4; lastKnownFileType = sourcecode.cpp.cpp; path = QuicksortInPlace.cpp; sourceTree = "<group>"; };
		45A635DB1D8FFC1200E2AC94 /* Day2Operators.swift */ = {isa = PBXFileReference; fileEncoding = 4; lastKnownFileType = sourcecode.swift; name = Day2Operators.swift; path = 30DaysOfCode/Day2Operators.swift; sourceTree = SOURCE_ROOT; };
		45B113531D6F45BB009E082F /* DequeSTL.cpp */ = {isa = PBXFileReference; fileEncoding = 4; lastKnownFileType = sourcecode.cpp.cpp; path = DequeSTL.cpp; sourceTree = "<group>"; };
		45CB94351D9944B000B968C0 /* Day9Recursion.swift */ = {isa = PBXFileReference; fileEncoding = 4; lastKnownFileType = sourcecode.swift; path = Day9Recursion.swift; sourceTree = "<group>"; };
		45CDC3331D6B2404002E6E12 /* VectorSort.cpp */ = {isa = PBXFileReference; fileEncoding = 4; lastKnownFileType = sourcecode.cpp.cpp; path = VectorSort.cpp; sourceTree = "<group>"; };
		45CDC3351D6B25FC002E6E12 /* VectorErase.cpp */ = {isa = PBXFileReference; fileEncoding = 4; lastKnownFileType = sourcecode.cpp.cpp; path = VectorErase.cpp; sourceTree = "<group>"; };
		45D07BAC1DC0C5750048584F /* StringsMakingAnagrams.cpp */ = {isa = PBXFileReference; fileEncoding = 4; lastKnownFileType = sourcecode.cpp.cpp; path = StringsMakingAnagrams.cpp; sourceTree = "<group>"; };
		45E7F82E1DB0F93100CA07DF /* Day27Testing.swift */ = {isa = PBXFileReference; fileEncoding = 4; lastKnownFileType = sourcecode.swift; path = Day27Testing.swift; sourceTree = "<group>"; };
		45EAAC591D9A8C590037B8D1 /* Day10BinaryNumbers.swift */ = {isa = PBXFileReference; fileEncoding = 4; lastKnownFileType = sourcecode.swift; path = Day10BinaryNumbers.swift; sourceTree = "<group>"; };
		45EAAC5B1D9A97340037B8D1 /* DynamicArray.cpp */ = {isa = PBXFileReference; fileEncoding = 4; lastKnownFileType = sourcecode.cpp.cpp; path = DynamicArray.cpp; sourceTree = "<group>"; };
		5F1A31351D689171003E6024 /* CPPClassTemplateSpecialization.cpp */ = {isa = PBXFileReference; fileEncoding = 4; lastKnownFileType = sourcecode.cpp.cpp; path = CPPClassTemplateSpecialization.cpp; sourceTree = "<group>"; };
		5F1A31371D6891B8003E6024 /* CPPClassTemplates.cpp */ = {isa = PBXFileReference; fileEncoding = 4; lastKnownFileType = sourcecode.cpp.cpp; path = CPPClassTemplates.cpp; sourceTree = "<group>"; };
		5F1A313A1D68958B003E6024 /* AbstractClassesPolymorphism.cpp */ = {isa = PBXFileReference; fileEncoding = 4; lastKnownFileType = sourcecode.cpp.cpp; path = AbstractClassesPolymorphism.cpp; sourceTree = "<group>"; };
		5F1A313C1D68B315003E6024 /* CPPVariadics.cpp */ = {isa = PBXFileReference; fileEncoding = 4; lastKnownFileType = sourcecode.cpp.cpp; path = CPPVariadics.cpp; sourceTree = "<group>"; };
		5F1DBB101DBCD9DA00DDEBFD /* InsertaNodeAtTheTailOfaLinkedList.cpp */ = {isa = PBXFileReference; fileEncoding = 4; lastKnownFileType = sourcecode.cpp.cpp; path = InsertaNodeAtTheTailOfaLinkedList.cpp; sourceTree = "<group>"; };
		5F1DBB121DBCDD9400DDEBFD /* InsertaNodeAtTheHeadOfaLinkedList.cpp */ = {isa = PBXFileReference; fileEncoding = 4; lastKnownFileType = sourcecode.cpp.cpp; path = InsertaNodeAtTheHeadOfaLinkedList.cpp; sourceTree = "<group>"; };
		5F1DBB161DBCE5D400DDEBFD /* InsertaNodeAtaSpecificPositionInaLinkedList.cpp */ = {isa = PBXFileReference; fileEncoding = 4; lastKnownFileType = sourcecode.cpp.cpp; path = InsertaNodeAtaSpecificPositionInaLinkedList.cpp; sourceTree = "<group>"; };
		5F1DBB181DBCE8F100DDEBFD /* DeleteaNode.cpp */ = {isa = PBXFileReference; fileEncoding = 4; lastKnownFileType = sourcecode.cpp.cpp; path = DeleteaNode.cpp; sourceTree = "<group>"; };
		5F1F147F1DCAB44500745D58 /* QueuesATaleofTwoStacks.m */ = {isa = PBXFileReference; fileEncoding = 4; lastKnownFileType = sourcecode.c.objc; path = QueuesATaleofTwoStacks.m; sourceTree = "<group>"; };
		5F2011E21D8ED0340001FE86 /* Day1DataTypes.swift */ = {isa = PBXFileReference; fileEncoding = 4; lastKnownFileType = sourcecode.swift; name = Day1DataTypes.swift; path = 30DaysOfCode/Day1DataTypes.swift; sourceTree = SOURCE_ROOT; };
		5F2011E41D8ED34B0001FE86 /* FindtheMedian.cpp */ = {isa = PBXFileReference; fileEncoding = 4; lastKnownFileType = sourcecode.cpp.cpp; path = FindtheMedian.cpp; sourceTree = "<group>"; };
		5F24E6151D8B5F5F002EC132 /* RunningTimeOfQuicksort.cpp */ = {isa = PBXFileReference; fileEncoding = 4; lastKnownFileType = sourcecode.cpp.cpp; path = RunningTimeOfQuicksort.cpp; sourceTree = "<group>"; };
		5F24E6171D8B61B6002EC132 /* SolveMeFirst.cpp */ = {isa = PBXFileReference; fileEncoding = 4; lastKnownFileType = sourcecode.cpp.cpp; path = SolveMeFirst.cpp; sourceTree = "<group>"; };
		5F24E6191D8B620C002EC132 /* SimpleArraySum.cpp */ = {isa = PBXFileReference; fileEncoding = 4; lastKnownFileType = sourcecode.cpp.cpp; path = SimpleArraySum.cpp; sourceTree = "<group>"; };
		5F24E61B1D8B6257002EC132 /* CompareTheTriplets.cpp */ = {isa = PBXFileReference; fileEncoding = 4; lastKnownFileType = sourcecode.cpp.cpp; path = CompareTheTriplets.cpp; sourceTree = "<group>"; };
		5F24E61D1D8B62A7002EC132 /* AVeryBigSum.cpp */ = {isa = PBXFileReference; fileEncoding = 4; lastKnownFileType = sourcecode.cpp.cpp; path = AVeryBigSum.cpp; sourceTree = "<group>"; };
		5F24E61F1D8B62E0002EC132 /* DiagonalDifference.cpp */ = {isa = PBXFileReference; fileEncoding = 4; lastKnownFileType = sourcecode.cpp.cpp; path = DiagonalDifference.cpp; sourceTree = "<group>"; };
		5F24E6211D8B6313002EC132 /* PlusMinus.cpp */ = {isa = PBXFileReference; fileEncoding = 4; lastKnownFileType = sourcecode.cpp.cpp; path = PlusMinus.cpp; sourceTree = "<group>"; };
		5F24E6231D8B636D002EC132 /* Staircase.cpp */ = {isa = PBXFileReference; fileEncoding = 4; lastKnownFileType = sourcecode.cpp.cpp; path = Staircase.cpp; sourceTree = "<group>"; };
		5F24E6251D8B63AD002EC132 /* TimeConversion.cpp */ = {isa = PBXFileReference; fileEncoding = 4; lastKnownFileType = sourcecode.cpp.cpp; path = TimeConversion.cpp; sourceTree = "<group>"; };
		5F24E6271D8B63F1002EC132 /* CircularArrayRotation.cpp */ = {isa = PBXFileReference; fileEncoding = 4; lastKnownFileType = sourcecode.cpp.cpp; path = CircularArrayRotation.cpp; sourceTree = "<group>"; };
		5F24E6291D8B647A002EC132 /* Kangaroo.cpp */ = {isa = PBXFileReference; fileEncoding = 4; lastKnownFileType = sourcecode.cpp.cpp; path = Kangaroo.cpp; sourceTree = "<group>"; };
		5F24E62B1D8B6628002EC132 /* CountingSort1.cpp */ = {isa = PBXFileReference; fileEncoding = 4; lastKnownFileType = sourcecode.cpp.cpp; path = CountingSort1.cpp; sourceTree = "<group>"; };
		5F295B021DB80CAE00ED401D /* LeftRotation.cpp */ = {isa = PBXFileReference; fileEncoding = 4; lastKnownFileType = sourcecode.cpp.cpp; path = LeftRotation.cpp; sourceTree = "<group>"; };
		5F2E23EF1DC00136001565D5 /* CompareTwoLinkedLists.cpp */ = {isa = PBXFileReference; fileEncoding = 4; lastKnownFileType = sourcecode.cpp.cpp; path = CompareTwoLinkedLists.cpp; sourceTree = "<group>"; };
		5F2E23F11DC00D4C001565D5 /* MergeTwoSortedLinkedLists.cpp */ = {isa = PBXFileReference; fileEncoding = 4; lastKnownFileType = sourcecode.cpp.cpp; path = MergeTwoSortedLinkedLists.cpp; sourceTree = "<group>"; };
		5F2E23F51DC01CB0001565D5 /* ArraysLeftRotation.cpp */ = {isa = PBXFileReference; fileEncoding = 4; lastKnownFileType = sourcecode.cpp.cpp; path = ArraysLeftRotation.cpp; sourceTree = "<group>"; };
		5F2E23F71DC01FFB001565D5 /* SortingBubbleSort.cpp */ = {isa = PBXFileReference; fileEncoding = 4; lastKnownFileType = sourcecode.cpp.cpp; path = SortingBubbleSort.cpp; sourceTree = "<group>"; };
		5F3469101DCD29DA004B6535 /* TimeComplexityPrimality.m */ = {isa = PBXFileReference; fileEncoding = 4; lastKnownFileType = sourcecode.c.objc; path = TimeComplexityPrimality.m; sourceTree = "<group>"; };
		5F3469121DCD30E9004B6535 /* BitManipulationLonelyInteger.m */ = {isa = PBXFileReference; fileEncoding = 4; lastKnownFileType = sourcecode.c.objc; path = BitManipulationLonelyInteger.m; sourceTree = "<group>"; };
		5F363D7C1DD13FA6008C3DF9 /* DPCoinChange.cpp */ = {isa = PBXFileReference; fileEncoding = 4; lastKnownFileType = sourcecode.cpp.cpp; path = DPCoinChange.cpp; sourceTree = "<group>"; };
		5F381CB61D94717D0023BA32 /* PossiblePath.cpp */ = {isa = PBXFileReference; fileEncoding = 4; lastKnownFileType = sourcecode.cpp.cpp; path = PossiblePath.cpp; sourceTree = "<group>"; };
		5F381CB91D947A2E0023BA32 /* ArraysIntroduction.cpp */ = {isa = PBXFileReference; fileEncoding = 4; lastKnownFileType = sourcecode.cpp.cpp; path = ArraysIntroduction.cpp; sourceTree = "<group>"; };
		5F381CBB1D947A6A0023BA32 /* ArraysDS.cpp */ = {isa = PBXFileReference; fileEncoding = 4; lastKnownFileType = sourcecode.cpp.cpp; path = ArraysDS.cpp; sourceTree = "<group>"; };
		5F381CBD1D947B550023BA32 /* 2DArraysDS.cpp */ = {isa = PBXFileReference; fileEncoding = 4; lastKnownFileType = sourcecode.cpp.cpp; path = 2DArraysDS.cpp; sourceTree = "<group>"; };
		5F3C991E1DD3EB670053D843 /* DFSConnectedCellInaGrid.cpp */ = {isa = PBXFileReference; fileEncoding = 4; lastKnownFileType = sourcecode.cpp.cpp; path = DFSConnectedCellInaGrid.cpp; sourceTree = "<group>"; };
		5F3E789B1D95AE8D00F478F8 /* Day6LetsReview.swift */ = {isa = PBXFileReference; fileEncoding = 4; lastKnownFileType = sourcecode.swift; name = Day6LetsReview.swift; path = 30DaysOfCode/Day6LetsReview.swift; sourceTree = SOURCE_ROOT; };
		5F3E789D1D95B25C00F478F8 /* LICENSE.md */ = {isa = PBXFileReference; fileEncoding = 4; lastKnownFileType = net.daringfireball.markdown; path = LICENSE.md; sourceTree = "<group>"; };
		5F3E789E1D95B25C00F478F8 /* README.md */ = {isa = PBXFileReference; fileEncoding = 4; lastKnownFileType = net.daringfireball.markdown; path = README.md; sourceTree = "<group>"; };
		5F424C351DB2592B0052705C /* Day28RegExPatternsandIntrotoDatabases.swift */ = {isa = PBXFileReference; fileEncoding = 4; lastKnownFileType = sourcecode.swift; name = Day28RegExPatternsandIntrotoDatabases.swift; path = 30DaysOfCode/Day28RegExPatternsandIntrotoDatabases.swift; sourceTree = SOURCE_ROOT; };
		5F435C911DC3DCD000BE54F3 /* MergeSortCountingInversions.cpp */ = {isa = PBXFileReference; fileEncoding = 4; lastKnownFileType = sourcecode.cpp.cpp; path = MergeSortCountingInversions.cpp; sourceTree = "<group>"; };
		5F4A5C5B1DCDF4F70040DC08 /* RecursionFibonacciNumbers.cpp */ = {isa = PBXFileReference; fileEncoding = 4; lastKnownFileType = sourcecode.cpp.cpp; path = RecursionFibonacciNumbers.cpp; sourceTree = "<group>"; };
		5F4A5C5D1DCE06AC0040DC08 /* RecursionDavisStaircase.m */ = {isa = PBXFileReference; fileEncoding = 4; lastKnownFileType = sourcecode.c.objc; path = RecursionDavisStaircase.m; sourceTree = "<group>"; };
		5F4A5C5F1DCE1FE20040DC08 /* TreesIsThisaBinarySearchTree.cpp */ = {isa = PBXFileReference; fileEncoding = 4; lastKnownFileType = sourcecode.cpp.cpp; path = TreesIsThisaBinarySearchTree.cpp; sourceTree = "<group>"; };
		5F633AD61DF20E4B001FF813 /* CycleDetection.cpp */ = {isa = PBXFileReference; fileEncoding = 4; lastKnownFileType = sourcecode.cpp.cpp; path = CycleDetection.cpp; sourceTree = "<group>"; };
		5F633AD81DF211A1001FF813 /* FindMergePointofTwoLists.cpp */ = {isa = PBXFileReference; fileEncoding = 4; lastKnownFileType = sourcecode.cpp.cpp; path = FindMergePointofTwoLists.cpp; sourceTree = "<group>"; };
		5F633ADA1DF21A79001FF813 /* InsertingaNodeIntoaSortedDoublyLinkedList.cpp */ = {isa = PBXFileReference; fileEncoding = 4; lastKnownFileType = sourcecode.cpp.cpp; path = InsertingaNodeIntoaSortedDoublyLinkedList.cpp; sourceTree = "<group>"; };
		5F633C3B1D7DFF28005446E8 /* InsertionSortPart2.cpp */ = {isa = PBXFileReference; fileEncoding = 4; lastKnownFileType = sourcecode.cpp.cpp; path = InsertionSortPart2.cpp; sourceTree = "<group>"; };
		5F6AC9CF1DCF6C6B00BA9774 /* TriesContacts.m */ = {isa = PBXFileReference; fileEncoding = 4; lastKnownFileType = sourcecode.c.objc; path = TriesContacts.m; sourceTree = "<group>"; };
		5F6C47A41D97FB910084ACAC /* Day8DictionariesAndMaps.swift */ = {isa = PBXFileReference; fileEncoding = 4; lastKnownFileType = sourcecode.swift; name = Day8DictionariesAndMaps.swift; path = 30DaysOfCode/Day8DictionariesAndMaps.swift; sourceTree = SOURCE_ROOT; };
		5F6D4A2F1D92AFE900E29585 /* Day4ClassvsInstance.swift */ = {isa = PBXFileReference; fileEncoding = 4; lastKnownFileType = sourcecode.swift; name = Day4ClassvsInstance.swift; path = 30DaysOfCode/Day4ClassvsInstance.swift; sourceTree = SOURCE_ROOT; };
		5F720D791DB3890C00F29D74 /* Day29BitwiseAND.swift */ = {isa = PBXFileReference; fileEncoding = 4; lastKnownFileType = sourcecode.swift; name = Day29BitwiseAND.swift; path = 30DaysOfCode/Day29BitwiseAND.swift; sourceTree = SOURCE_ROOT; };
		5F7CA90C1D8D6CA6006867DD /* ClosetsNumber.cpp */ = {isa = PBXFileReference; fileEncoding = 4; lastKnownFileType = sourcecode.cpp.cpp; path = ClosetsNumber.cpp; sourceTree = "<group>"; };
		5F7CA9251D8D7C4C006867DD /* Day0HelloWorld.swift */ = {isa = PBXFileReference; fileEncoding = 4; lastKnownFileType = sourcecode.swift; name = Day0HelloWorld.swift; path = 30DaysOfCode/Day0HelloWorld.swift; sourceTree = SOURCE_ROOT; };
		5F7EC6D71DA91D0F00D08C3D /* Day21Generics.swift */ = {isa = PBXFileReference; fileEncoding = 4; lastKnownFileType = sourcecode.swift; path = Day21Generics.swift; sourceTree = "<group>"; };
		5F7EC6D91DAA7B5700D08C3D /* Day22BinarySearchTrees.swift */ = {isa = PBXFileReference; fileEncoding = 4; lastKnownFileType = sourcecode.swift; path = Day22BinarySearchTrees.swift; sourceTree = "<group>"; };
		5F83D3671D8C78500026D183 /* CountingSort2.cpp */ = {isa = PBXFileReference; fileEncoding = 4; lastKnownFileType = sourcecode.cpp.cpp; path = CountingSort2.cpp; sourceTree = "<group>"; };
		5F83D3691D8C7D860026D183 /* CountingSort3.cpp */ = {isa = PBXFileReference; fileEncoding = 4; lastKnownFileType = sourcecode.cpp.cpp; path = CountingSort3.cpp; sourceTree = "<group>"; };
		5F83D36C1D8C85520026D183 /* TheFullCountingSort.cpp */ = {isa = PBXFileReference; fileEncoding = 4; lastKnownFileType = sourcecode.cpp.cpp; path = TheFullCountingSort.cpp; sourceTree = "<group>"; };
		5F83D71F1E009DAE000C7512 /* TreePreorderTraversal.cpp */ = {isa = PBXFileReference; fileEncoding = 4; lastKnownFileType = sourcecode.cpp.cpp; path = TreePreorderTraversal.cpp; sourceTree = "<group>"; };
		5F83D7221E00A13E000C7512 /* TreePostorderTraversal.cpp */ = {isa = PBXFileReference; fileEncoding = 4; lastKnownFileType = sourcecode.cpp.cpp; path = TreePostorderTraversal.cpp; sourceTree = "<group>"; };
		5F83D7241E00A388000C7512 /* TreeInorderTraversal.cpp */ = {isa = PBXFileReference; fileEncoding = 4; lastKnownFileType = sourcecode.cpp.cpp; path = TreeInorderTraversal.cpp; sourceTree = "<group>"; };
		5F83D7261E00A5E6000C7512 /* TreeHeightofaBinaryTree.swift */ = {isa = PBXFileReference; fileEncoding = 4; lastKnownFileType = sourcecode.swift; path = TreeHeightofaBinaryTree.swift; sourceTree = "<group>"; };
		5F83D7281E00ADB4000C7512 /* TreeTopView.cpp */ = {isa = PBXFileReference; fileEncoding = 4; lastKnownFileType = sourcecode.cpp.cpp; path = TreeTopView.cpp; sourceTree = "<group>"; };
		5F83D72A1E00B649000C7512 /* TreeLevelOrderTraversal.cpp */ = {isa = PBXFileReference; fileEncoding = 4; lastKnownFileType = sourcecode.cpp.cpp; path = TreeLevelOrderTraversal.cpp; sourceTree = "<group>"; };
		5F83EA751DC9089200AC0E00 /* LinkedListsDetectaCycle.cpp */ = {isa = PBXFileReference; fileEncoding = 4; lastKnownFileType = sourcecode.cpp.cpp; path = LinkedListsDetectaCycle.cpp; sourceTree = "<group>"; };
		5F8562D71DCC043900CFEDFA /* BinarySearchIceCreamParlor.m */ = {isa = PBXFileReference; fileEncoding = 4; lastKnownFileType = sourcecode.c.objc; path = BinarySearchIceCreamParlor.m; sourceTree = "<group>"; };
		5F89EC601DFB1E0D009187A4 /* ReverseADoublyLinkedList.cpp */ = {isa = PBXFileReference; fileEncoding = 4; lastKnownFileType = sourcecode.cpp.cpp; path = ReverseADoublyLinkedList.cpp; sourceTree = "<group>"; };
		5FAED7351D9F13C2006A84B7 /* Day13AbstractClasses.cpp */ = {isa = PBXFileReference; fileEncoding = 4; lastKnownFileType = sourcecode.cpp.cpp; name = Day13AbstractClasses.cpp; path = 30DaysOfCode/Day13AbstractClasses.cpp; sourceTree = SOURCE_ROOT; };
		5FB387611DDB5CBB00BF1D1E /* BFSShortestReachinaGraph.cpp */ = {isa = PBXFileReference; fileEncoding = 4; lastKnownFileType = sourcecode.cpp.cpp; path = BFSShortestReachinaGraph.cpp; sourceTree = "<group>"; };
		5FB60A3D1D676E45000F0B82 /* Structs.cpp */ = {isa = PBXFileReference; fileEncoding = 4; lastKnownFileType = sourcecode.cpp.cpp; path = Structs.cpp; sourceTree = "<group>"; };
		5FB60A3F1D6778A1000F0B82 /* Class.cpp */ = {isa = PBXFileReference; fileEncoding = 4; lastKnownFileType = sourcecode.cpp.cpp; path = Class.cpp; sourceTree = "<group>"; };
		5FB60A411D6778F0000F0B82 /* ClassesAndObjects.cpp */ = {isa = PBXFileReference; fileEncoding = 4; lastKnownFileType = sourcecode.cpp.cpp; path = ClassesAndObjects.cpp; sourceTree = "<group>"; };
		5FB60A431D678DB7000F0B82 /* NewYearChaos.cpp */ = {isa = PBXFileReference; fileEncoding = 4; lastKnownFileType = sourcecode.cpp.cpp; path = NewYearChaos.cpp; sourceTree = "<group>"; };
		5FB60A451D678E2B000F0B82 /* FlatlandSpaceStations.cpp */ = {isa = PBXFileReference; fileEncoding = 4; lastKnownFileType = sourcecode.cpp.cpp; path = FlatlandSpaceStations.cpp; sourceTree = "<group>"; };
		5FB60A471D67969E000F0B82 /* AbsolutePermutation.cpp */ = {isa = PBXFileReference; fileEncoding = 4; lastKnownFileType = sourcecode.cpp.cpp; path = AbsolutePermutation.cpp; sourceTree = "<group>"; };
		5FB60A4A1D6798DA000F0B82 /* MaximumDraws.cpp */ = {isa = PBXFileReference; fileEncoding = 4; lastKnownFileType = sourcecode.cpp.cpp; path = MaximumDraws.cpp; sourceTree = "<group>"; };
		5FB60A4C1D6799A9000F0B82 /* BoxIt.cpp */ = {isa = PBXFileReference; fileEncoding = 4; lastKnownFileType = sourcecode.cpp.cpp; path = BoxIt.cpp; sourceTree = "<group>"; };
		5FB60A4E1D679A9F000F0B82 /* InheritedCode.cpp */ = {isa = PBXFileReference; fileEncoding = 4; lastKnownFileType = sourcecode.cpp.cpp; path = InheritedCode.cpp; sourceTree = "<group>"; };
		5FB60A501D679B10000F0B82 /* ExceptionalServer.cpp */ = {isa = PBXFileReference; fileEncoding = 4; lastKnownFileType = sourcecode.cpp.cpp; path = ExceptionalServer.cpp; sourceTree = "<group>"; };
		5FB60A521D679C98000F0B82 /* AttendingWorkshops.cpp */ = {isa = PBXFileReference; fileEncoding = 4; lastKnownFileType = sourcecode.cpp.cpp; path = AttendingWorkshops.cpp; sourceTree = "<group>"; };
		5FC29BBD1D57C0F4008EE87D /* LisasWorkbook.cpp */ = {isa = PBXFileReference; fileEncoding = 4; lastKnownFileType = sourcecode.cpp.cpp; path = LisasWorkbook.cpp; sourceTree = "<group>"; };
		5FC9CF791DAC285600C566E4 /* Day23BSTLevelOrderTraversal.swift */ = {isa = PBXFileReference; fileEncoding = 4; lastKnownFileType = sourcecode.swift; path = Day23BSTLevelOrderTraversal.swift; sourceTree = "<group>"; };
		5FCA37441DB955A300C7F7E7 /* SparseArrays.cpp */ = {isa = PBXFileReference; fileEncoding = 4; lastKnownFileType = sourcecode.cpp.cpp; path = SparseArrays.cpp; sourceTree = "<group>"; };
		5FCC574A1DBAAE4000F1594C /* PrintTheElementsOfaLinkedList.cpp */ = {isa = PBXFileReference; fileEncoding = 4; lastKnownFileType = sourcecode.cpp.cpp; path = PrintTheElementsOfaLinkedList.cpp; sourceTree = "<group>"; };
		5FCC77231D9FC29900B2E861 /* Day14Scope.swift */ = {isa = PBXFileReference; fileEncoding = 4; lastKnownFileType = sourcecode.swift; path = Day14Scope.swift; sourceTree = "<group>"; };
		5FD07CE11D565A0E00A3296C /* AngryProfessor.cpp */ = {isa = PBXFileReference; fileEncoding = 4; lastKnownFileType = sourcecode.cpp.cpp; lineEnding = 0; path = AngryProfessor.cpp; sourceTree = "<group>"; xcLanguageSpecificationIdentifier = xcode.lang.cpp; };
		5FD07CE21D565A0E00A3296C /* BiggerIsGreater.cpp */ = {isa = PBXFileReference; fileEncoding = 4; lastKnownFileType = sourcecode.cpp.cpp; lineEnding = 0; path = BiggerIsGreater.cpp; sourceTree = "<group>"; xcLanguageSpecificationIdentifier = xcode.lang.cpp; };
		5FD07CE31D565A0E00A3296C /* CutTheSticks.cpp */ = {isa = PBXFileReference; fileEncoding = 4; lastKnownFileType = sourcecode.cpp.cpp; lineEnding = 0; path = CutTheSticks.cpp; sourceTree = "<group>"; xcLanguageSpecificationIdentifier = xcode.lang.cpp; };
		5FD07CE41D565A0E00A3296C /* DivisibleSumPairs.cpp */ = {isa = PBXFileReference; fileEncoding = 4; lastKnownFileType = sourcecode.cpp.cpp; lineEnding = 0; path = DivisibleSumPairs.cpp; sourceTree = "<group>"; xcLanguageSpecificationIdentifier = xcode.lang.cpp; };
		5FD07CE51D565A0E00A3296C /* EqualStacks.cpp */ = {isa = PBXFileReference; fileEncoding = 4; lastKnownFileType = sourcecode.cpp.cpp; lineEnding = 0; path = EqualStacks.cpp; sourceTree = "<group>"; xcLanguageSpecificationIdentifier = xcode.lang.cpp; };
		5FD07CE61D565A0E00A3296C /* EvenTree.cpp */ = {isa = PBXFileReference; fileEncoding = 4; lastKnownFileType = sourcecode.cpp.cpp; path = EvenTree.cpp; sourceTree = "<group>"; };
		5FD07CE71D565A0E00A3296C /* FibonacciModified.cpp */ = {isa = PBXFileReference; fileEncoding = 4; lastKnownFileType = sourcecode.cpp.cpp; lineEnding = 0; path = FibonacciModified.cpp; sourceTree = "<group>"; xcLanguageSpecificationIdentifier = xcode.lang.cpp; };
		5FD07CE81D565A0E00A3296C /* IntroToTutorialChallenges.cpp */ = {isa = PBXFileReference; fileEncoding = 4; lastKnownFileType = sourcecode.cpp.cpp; lineEnding = 0; path = IntroToTutorialChallenges.cpp; sourceTree = "<group>"; xcLanguageSpecificationIdentifier = xcode.lang.cpp; };
		5FD07CE91D565A0E00A3296C /* JumpingOnTheClouds.cpp */ = {isa = PBXFileReference; fileEncoding = 4; lastKnownFileType = sourcecode.cpp.cpp; lineEnding = 0; path = JumpingOnTheClouds.cpp; sourceTree = "<group>"; xcLanguageSpecificationIdentifier = xcode.lang.cpp; };
		5FD07CEA1D565A0E00A3296C /* NonDivisibleSubset.cpp */ = {isa = PBXFileReference; fileEncoding = 4; lastKnownFileType = sourcecode.cpp.cpp; lineEnding = 0; path = NonDivisibleSubset.cpp; sourceTree = "<group>"; xcLanguageSpecificationIdentifier = xcode.lang.cpp; };
		5FD07CEB1D565A0E00A3296C /* SavethePrisoner.cpp */ = {isa = PBXFileReference; fileEncoding = 4; lastKnownFileType = sourcecode.cpp.cpp; path = SavethePrisoner.cpp; sourceTree = "<group>"; };
		5FD07CEC1D565A0E00A3296C /* StrangeCounter.cpp */ = {isa = PBXFileReference; fileEncoding = 4; lastKnownFileType = sourcecode.cpp.cpp; path = StrangeCounter.cpp; sourceTree = "<group>"; };
		5FD07CEE1D565A0E00A3296C /* BitArray.cpp */ = {isa = PBXFileReference; fileEncoding = 4; lastKnownFileType = sourcecode.cpp.cpp; lineEnding = 0; path = BitArray.cpp; sourceTree = "<group>"; xcLanguageSpecificationIdentifier = xcode.lang.cpp; };
		5FD07CEF1D565A0E00A3296C /* OperatorOverloading.cpp */ = {isa = PBXFileReference; fileEncoding = 4; lastKnownFileType = sourcecode.cpp.cpp; lineEnding = 0; path = OperatorOverloading.cpp; sourceTree = "<group>"; xcLanguageSpecificationIdentifier = xcode.lang.cpp; };
		5FD07CF01D565A0E00A3296C /* OverloadOperators.cpp */ = {isa = PBXFileReference; fileEncoding = 4; lastKnownFileType = sourcecode.cpp.cpp; path = OverloadOperators.cpp; sourceTree = "<group>"; };
		5FD07CF11D565A0E00A3296C /* SayHelloWorldWithCpp.cpp */ = {isa = PBXFileReference; fileEncoding = 4; lastKnownFileType = sourcecode.cpp.cpp; lineEnding = 0; path = SayHelloWorldWithCpp.cpp; sourceTree = "<group>"; xcLanguageSpecificationIdentifier = xcode.lang.cpp; };
		5FD07CF21D565A0E00A3296C /* VariableSizedArrays.cpp */ = {isa = PBXFileReference; fileEncoding = 4; lastKnownFileType = sourcecode.cpp.cpp; lineEnding = 0; path = VariableSizedArrays.cpp; sourceTree = "<group>"; xcLanguageSpecificationIdentifier = xcode.lang.cpp; };
		5FD07CF31D565A0E00A3296C /* VirtualFunctions.cpp */ = {isa = PBXFileReference; fileEncoding = 4; lastKnownFileType = sourcecode.cpp.cpp; path = VirtualFunctions.cpp; sourceTree = "<group>"; };
		5FD07D071D565E1E00A3296C /* BasicDataTypes.cpp */ = {isa = PBXFileReference; fileEncoding = 4; lastKnownFileType = sourcecode.cpp.cpp; lineEnding = 0; path = BasicDataTypes.cpp; sourceTree = "<group>"; xcLanguageSpecificationIdentifier = xcode.lang.cpp; };
		5FD07D091D565E6C00A3296C /* InputAndOutput.cpp */ = {isa = PBXFileReference; fileEncoding = 4; lastKnownFileType = sourcecode.cpp.cpp; lineEnding = 0; path = InputAndOutput.cpp; sourceTree = "<group>"; xcLanguageSpecificationIdentifier = xcode.lang.cpp; };
		5FD07D0B1D565EAB00A3296C /* ConditionalStatements.cpp */ = {isa = PBXFileReference; fileEncoding = 4; lastKnownFileType = sourcecode.cpp.cpp; lineEnding = 0; path = ConditionalStatements.cpp; sourceTree = "<group>"; xcLanguageSpecificationIdentifier = xcode.lang.cpp; };
		5FD07D0D1D565EFE00A3296C /* ForLoop.cpp */ = {isa = PBXFileReference; fileEncoding = 4; lastKnownFileType = sourcecode.cpp.cpp; path = ForLoop.cpp; sourceTree = "<group>"; };
		5FD07D0F1D5660AC00A3296C /* Strings.cpp */ = {isa = PBXFileReference; fileEncoding = 4; lastKnownFileType = sourcecode.cpp.cpp; path = Strings.cpp; sourceTree = "<group>"; };
		5FD07D111D5664CB00A3296C /* StringStream.cpp */ = {isa = PBXFileReference; fileEncoding = 4; lastKnownFileType = sourcecode.cpp.cpp; path = StringStream.cpp; sourceTree = "<group>"; };
		5FD07D151D56793C00A3296C /* JumpingOntheCloudsRevisited.cpp */ = {isa = PBXFileReference; fileEncoding = 4; lastKnownFileType = sourcecode.cpp.cpp; path = JumpingOntheCloudsRevisited.cpp; sourceTree = "<group>"; };
		5FD3699D1DEE31440072CE7B /* GetNodeValue.cpp */ = {isa = PBXFileReference; fileEncoding = 4; lastKnownFileType = sourcecode.cpp.cpp; path = GetNodeValue.cpp; sourceTree = "<group>"; };
		5FD3699F1DEE33590072CE7B /* DeleteDuplicateValueNodesFromaSortedLinkedList.cpp */ = {isa = PBXFileReference; fileEncoding = 4; lastKnownFileType = sourcecode.cpp.cpp; path = DeleteDuplicateValueNodesFromaSortedLinkedList.cpp; sourceTree = "<group>"; };
		5FDBAF7E1D861D5E000F0690 /* Quicksort1Partition.cpp */ = {isa = PBXFileReference; fileEncoding = 4; lastKnownFileType = sourcecode.cpp.cpp; path = Quicksort1Partition.cpp; sourceTree = "<group>"; };
		5FDBAF811D8626AA000F0690 /* Quicksort2Sorting.cpp */ = {isa = PBXFileReference; fileEncoding = 4; lastKnownFileType = sourcecode.cpp.cpp; path = Quicksort2Sorting.cpp; sourceTree = "<group>"; };
		5FDDB3C11DA119E500C3C8C0 /* Day15LinkedList.swift */ = {isa = PBXFileReference; fileEncoding = 4; lastKnownFileType = sourcecode.swift; path = Day15LinkedList.swift; sourceTree = "<group>"; };
		5FE2DB891D4D5ABD007CDFD2 /* HackerRank */ = {isa = PBXFileReference; explicitFileType = "compiled.mach-o.executable"; includeInIndex = 0; path = HackerRank; sourceTree = BUILT_PRODUCTS_DIR; };
		5FEA1E331DAD75A80060C887 /* Day24MoreLinkedLists.swift */ = {isa = PBXFileReference; fileEncoding = 4; lastKnownFileType = sourcecode.swift; name = Day24MoreLinkedLists.swift; path = 30DaysOfCode/Day24MoreLinkedLists.swift; sourceTree = SOURCE_ROOT; };
		5FEAA9711DBE426000A6EBB5 /* PrintInReverse.cpp */ = {isa = PBXFileReference; fileEncoding = 4; lastKnownFileType = sourcecode.cpp.cpp; path = PrintInReverse.cpp; sourceTree = "<group>"; };
		5FEAA9731DBE479900A6EBB5 /* ReverseaLinkedList.cpp */ = {isa = PBXFileReference; fileEncoding = 4; lastKnownFileType = sourcecode.cpp.cpp; path = ReverseaLinkedList.cpp; sourceTree = "<group>"; };
		5FEF7D0E1D96E35800E9A6B6 /* Day7Arrays.swift */ = {isa = PBXFileReference; fileEncoding = 4; lastKnownFileType = sourcecode.swift; name = Day7Arrays.swift; path = 30DaysOfCode/Day7Arrays.swift; sourceTree = SOURCE_ROOT; };
		5FEF7D101D96F25E00E9A6B6 /* AttributeParser.cpp */ = {isa = PBXFileReference; fileEncoding = 4; lastKnownFileType = sourcecode.cpp.cpp; path = AttributeParser.cpp; sourceTree = "<group>"; };
		5FF469151DCACB70001F1EA5 /* HeapsFindTheRunningMedian.m */ = {isa = PBXFileReference; fileEncoding = 4; lastKnownFileType = sourcecode.c.objc; path = HeapsFindTheRunningMedian.m; sourceTree = "<group>"; };
		5FF80C551D7C575B0077EF82 /* InsertionSortPart1.cpp */ = {isa = PBXFileReference; fileEncoding = 4; lastKnownFileType = sourcecode.cpp.cpp; path = InsertionSortPart1.cpp; sourceTree = "<group>"; };
		5FF9B1801DA46DBE0045AC6F /* Day17MoreExceptions.swift */ = {isa = PBXFileReference; fileEncoding = 4; lastKnownFileType = sourcecode.swift; name = Day17MoreExceptions.swift; path = 30DaysOfCode/Day17MoreExceptions.swift; sourceTree = SOURCE_ROOT; };
		5FFA52BB1DC1788300B1DDEF /* SortingComparator.cpp */ = {isa = PBXFileReference; fileEncoding = 4; lastKnownFileType = sourcecode.cpp.cpp; path = SortingComparator.cpp; sourceTree = "<group>"; };
		5FFC35EB1DA83B3700A4DB4A /* Day20Sorting.swift */ = {isa = PBXFileReference; fileEncoding = 4; lastKnownFileType = sourcecode.swift; path = Day20Sorting.swift; sourceTree = "<group>"; };
		5FFD62E41D7A13C400E5281B /* FindPoint.cpp */ = {isa = PBXFileReference; fileEncoding = 4; lastKnownFileType = sourcecode.cpp.cpp; path = FindPoint.cpp; sourceTree = "<group>"; };
		5FFD62E61D7A145400E5281B /* Handshake.cpp */ = {isa = PBXFileReference; fileEncoding = 4; lastKnownFileType = sourcecode.cpp.cpp; path = Handshake.cpp; sourceTree = "<group>"; };
		5FFD62E81D7A276B00E5281B /* SuperReducedString.cpp */ = {isa = PBXFileReference; fileEncoding = 4; lastKnownFileType = sourcecode.cpp.cpp; path = SuperReducedString.cpp; sourceTree = "<group>"; };
		5FFF9EE71DA5CA6900513DEE /* Day18QueuesandStacks.swift */ = {isa = PBXFileReference; fileEncoding = 4; lastKnownFileType = sourcecode.swift; path = Day18QueuesandStacks.swift; sourceTree = "<group>"; };
/* End PBXFileReference section */

/* Begin PBXFrameworksBuildPhase section */
		5FE2DB861D4D5ABD007CDFD2 /* Frameworks */ = {
			isa = PBXFrameworksBuildPhase;
			buildActionMask = 2147483647;
			files = (
			);
			runOnlyForDeploymentPostprocessing = 0;
		};
/* End PBXFrameworksBuildPhase section */

/* Begin PBXGroup section */
		5F2E23F41DC01C89001565D5 /* CrackingTheCodingInterview */ = {
			isa = PBXGroup;
			children = (
				5F2E23F51DC01CB0001565D5 /* ArraysLeftRotation.cpp */,
				5F2E23F71DC01FFB001565D5 /* SortingBubbleSort.cpp */,
				45D07BAC1DC0C5750048584F /* StringsMakingAnagrams.cpp */,
				5FFA52BB1DC1788300B1DDEF /* SortingComparator.cpp */,
				456E2FF41DC223B90040F4E5 /* HashTablesRansomNote.cpp */,
				5F435C911DC3DCD000BE54F3 /* MergeSortCountingInversions.cpp */,
				5F83EA751DC9089200AC0E00 /* LinkedListsDetectaCycle.cpp */,
				4525BE9E1DCA0E3800CF61D4 /* StacksBalancedBrackets.m */,
				5F1F147F1DCAB44500745D58 /* QueuesATaleofTwoStacks.m */,
				5FF469151DCACB70001F1EA5 /* HeapsFindTheRunningMedian.m */,
				5F8562D71DCC043900CFEDFA /* BinarySearchIceCreamParlor.m */,
				5F3469101DCD29DA004B6535 /* TimeComplexityPrimality.m */,
				5F3469121DCD30E9004B6535 /* BitManipulationLonelyInteger.m */,
				5F4A5C5B1DCDF4F70040DC08 /* RecursionFibonacciNumbers.cpp */,
				5F4A5C5D1DCE06AC0040DC08 /* RecursionDavisStaircase.m */,
				5F4A5C5F1DCE1FE20040DC08 /* TreesIsThisaBinarySearchTree.cpp */,
				5F6AC9CF1DCF6C6B00BA9774 /* TriesContacts.m */,
				5F363D7C1DD13FA6008C3DF9 /* DPCoinChange.cpp */,
				5F3C991E1DD3EB670053D843 /* DFSConnectedCellInaGrid.cpp */,
				5FB387611DDB5CBB00BF1D1E /* BFSShortestReachinaGraph.cpp */,
			);
			path = CrackingTheCodingInterview;
			sourceTree = SOURCE_ROOT;
		};
		5F381CB81D94795E0023BA32 /* DataStructures */ = {
			isa = PBXGroup;
			children = (
				5F381CBB1D947A6A0023BA32 /* ArraysDS.cpp */,
				5F381CBD1D947B550023BA32 /* 2DArraysDS.cpp */,
				45EAAC5B1D9A97340037B8D1 /* DynamicArray.cpp */,
				5F295B021DB80CAE00ED401D /* LeftRotation.cpp */,
				5FCA37441DB955A300C7F7E7 /* SparseArrays.cpp */,
				5FCC574A1DBAAE4000F1594C /* PrintTheElementsOfaLinkedList.cpp */,
				5F1DBB101DBCD9DA00DDEBFD /* InsertaNodeAtTheTailOfaLinkedList.cpp */,
				5F1DBB121DBCDD9400DDEBFD /* InsertaNodeAtTheHeadOfaLinkedList.cpp */,
				5F1DBB161DBCE5D400DDEBFD /* InsertaNodeAtaSpecificPositionInaLinkedList.cpp */,
				5F1DBB181DBCE8F100DDEBFD /* DeleteaNode.cpp */,
				5FEAA9711DBE426000A6EBB5 /* PrintInReverse.cpp */,
				5FEAA9731DBE479900A6EBB5 /* ReverseaLinkedList.cpp */,
				5F2E23EF1DC00136001565D5 /* CompareTwoLinkedLists.cpp */,
				5F2E23F11DC00D4C001565D5 /* MergeTwoSortedLinkedLists.cpp */,
				5FD3699F1DEE33590072CE7B /* DeleteDuplicateValueNodesFromaSortedLinkedList.cpp */,
				5FD3699D1DEE31440072CE7B /* GetNodeValue.cpp */,
				5F633AD61DF20E4B001FF813 /* CycleDetection.cpp */,
				5F633AD81DF211A1001FF813 /* FindMergePointofTwoLists.cpp */,
				5F633ADA1DF21A79001FF813 /* InsertingaNodeIntoaSortedDoublyLinkedList.cpp */,
				5F89EC601DFB1E0D009187A4 /* ReverseADoublyLinkedList.cpp */,
				5F83D71F1E009DAE000C7512 /* TreePreorderTraversal.cpp */,
				5F83D7221E00A13E000C7512 /* TreePostorderTraversal.cpp */,
				5F83D7241E00A388000C7512 /* TreeInorderTraversal.cpp */,
				5F83D7261E00A5E6000C7512 /* TreeHeightofaBinaryTree.swift */,
				5F83D7281E00ADB4000C7512 /* TreeTopView.cpp */,
				5F83D72A1E00B649000C7512 /* TreeLevelOrderTraversal.cpp */,
			);
			path = DataStructures;
			sourceTree = "<group>";
		};
		5F7CA90E1D8D771C006867DD /* 30DaysOfCode */ = {
			isa = PBXGroup;
			children = (
				5F7CA9251D8D7C4C006867DD /* Day0HelloWorld.swift */,
				5F2011E21D8ED0340001FE86 /* Day1DataTypes.swift */,
				45A635DB1D8FFC1200E2AC94 /* Day2Operators.swift */,
				459123F81D915C0F0044C589 /* Day3IntroToConditionalStatements.swift */,
				5F6D4A2F1D92AFE900E29585 /* Day4ClassvsInstance.swift */,
				4576A80F1D93F78B0013A1B9 /* Day5Loops.swift */,
				5F3E789B1D95AE8D00F478F8 /* Day6LetsReview.swift */,
				5FEF7D0E1D96E35800E9A6B6 /* Day7Arrays.swift */,
				5F6C47A41D97FB910084ACAC /* Day8DictionariesAndMaps.swift */,
				45CB94351D9944B000B968C0 /* Day9Recursion.swift */,
				45EAAC591D9A8C590037B8D1 /* Day10BinaryNumbers.swift */,
				455E93601D9BDCD000CADD96 /* Day112DArrays.swift */,
				4515E9351D9D2FF2009AE531 /* Day12Inheritance.swift */,
				5FAED7351D9F13C2006A84B7 /* Day13AbstractClasses.cpp */,
				5FCC77231D9FC29900B2E861 /* Day14Scope.swift */,
				5FDDB3C11DA119E500C3C8C0 /* Day15LinkedList.swift */,
				457C50B01DA27E5F0036E9A3 /* Day16ExceptionsStringtoInteger.swift */,
				5FF9B1801DA46DBE0045AC6F /* Day17MoreExceptions.swift */,
				5FFF9EE71DA5CA6900513DEE /* Day18QueuesandStacks.swift */,
				4595567C1DA668BF001768DA /* Day19Interfaces.cpp */,
				5FFC35EB1DA83B3700A4DB4A /* Day20Sorting.swift */,
				5F7EC6D71DA91D0F00D08C3D /* Day21Generics.swift */,
				5F7EC6D91DAA7B5700D08C3D /* Day22BinarySearchTrees.swift */,
				5FC9CF791DAC285600C566E4 /* Day23BSTLevelOrderTraversal.swift */,
				5FEA1E331DAD75A80060C887 /* Day24MoreLinkedLists.swift */,
				45125BD71DAE5281007F910F /* Day25RunningTimeandComplexity.swift */,
				451384021DAFA9D000C842BE /* Day26NestedLogic.swift */,
				45E7F82E1DB0F93100CA07DF /* Day27Testing.swift */,
				5F424C351DB2592B0052705C /* Day28RegExPatternsandIntrotoDatabases.swift */,
				5F720D791DB3890C00F29D74 /* Day29BitwiseAND.swift */,
			);
			name = 30DaysOfCode;
			path = 30DaysofCode;
			sourceTree = "<group>";
		};
		5FB60A491D6798C5000F0B82 /* Mathematics */ = {
			isa = PBXGroup;
			children = (
				5FB60A4A1D6798DA000F0B82 /* MaximumDraws.cpp */,
				5FFD62E41D7A13C400E5281B /* FindPoint.cpp */,
				5FFD62E61D7A145400E5281B /* Handshake.cpp */,
				5F381CB61D94717D0023BA32 /* PossiblePath.cpp */,
			);
			path = Mathematics;
			sourceTree = "<group>";
		};
		5FD07CE01D565A0E00A3296C /* Algorithms */ = {
			isa = PBXGroup;
			children = (
				5FD07CE11D565A0E00A3296C /* AngryProfessor.cpp */,
				5FD07CE21D565A0E00A3296C /* BiggerIsGreater.cpp */,
				5FD07CE31D565A0E00A3296C /* CutTheSticks.cpp */,
				5FC29BBD1D57C0F4008EE87D /* LisasWorkbook.cpp */,
				5FD07CE41D565A0E00A3296C /* DivisibleSumPairs.cpp */,
				5FD07CE51D565A0E00A3296C /* EqualStacks.cpp */,
				5FD07CE61D565A0E00A3296C /* EvenTree.cpp */,
				5FD07CE71D565A0E00A3296C /* FibonacciModified.cpp */,
				5FD07CE81D565A0E00A3296C /* IntroToTutorialChallenges.cpp */,
				5FD07CE91D565A0E00A3296C /* JumpingOnTheClouds.cpp */,
				5FD07D151D56793C00A3296C /* JumpingOntheCloudsRevisited.cpp */,
				5FD07CEA1D565A0E00A3296C /* NonDivisibleSubset.cpp */,
				5FD07CEB1D565A0E00A3296C /* SavethePrisoner.cpp */,
				5FD07CEC1D565A0E00A3296C /* StrangeCounter.cpp */,
				5FB60A431D678DB7000F0B82 /* NewYearChaos.cpp */,
				5FB60A451D678E2B000F0B82 /* FlatlandSpaceStations.cpp */,
				5FB60A471D67969E000F0B82 /* AbsolutePermutation.cpp */,
				5FFD62E81D7A276B00E5281B /* SuperReducedString.cpp */,
				5FF80C551D7C575B0077EF82 /* InsertionSortPart1.cpp */,
				5F633C3B1D7DFF28005446E8 /* InsertionSortPart2.cpp */,
				5FDBAF7E1D861D5E000F0690 /* Quicksort1Partition.cpp */,
				5FDBAF811D8626AA000F0690 /* Quicksort2Sorting.cpp */,
				45A23BBC1D896A9B00ECCF33 /* QuicksortInPlace.cpp */,
				5F24E6151D8B5F5F002EC132 /* RunningTimeOfQuicksort.cpp */,
				45240F6C1D7EDE1D00A307E2 /* CorrectnessAndtheLoopInvariant.cpp */,
				45240F6E1D7EE42C00A307E2 /* RunningTimeOfAlgorithms.cpp */,
				5F24E6171D8B61B6002EC132 /* SolveMeFirst.cpp */,
				5F24E6191D8B620C002EC132 /* SimpleArraySum.cpp */,
				5F24E61B1D8B6257002EC132 /* CompareTheTriplets.cpp */,
				5F24E61D1D8B62A7002EC132 /* AVeryBigSum.cpp */,
				5F24E61F1D8B62E0002EC132 /* DiagonalDifference.cpp */,
				5F24E6211D8B6313002EC132 /* PlusMinus.cpp */,
				5F24E6231D8B636D002EC132 /* Staircase.cpp */,
				5F24E6251D8B63AD002EC132 /* TimeConversion.cpp */,
				5F24E6271D8B63F1002EC132 /* CircularArrayRotation.cpp */,
				5F24E6291D8B647A002EC132 /* Kangaroo.cpp */,
				5F24E62B1D8B6628002EC132 /* CountingSort1.cpp */,
				5F83D3671D8C78500026D183 /* CountingSort2.cpp */,
				5F83D3691D8C7D860026D183 /* CountingSort3.cpp */,
				5F83D36C1D8C85520026D183 /* TheFullCountingSort.cpp */,
				5F7CA90C1D8D6CA6006867DD /* ClosetsNumber.cpp */,
				5F2011E41D8ED34B0001FE86 /* FindtheMedian.cpp */,
			);
			path = Algorithms;
			sourceTree = "<group>";
		};
		5FD07CED1D565A0E00A3296C /* CPP */ = {
			isa = PBXGroup;
			children = (
				5FD07CEE1D565A0E00A3296C /* BitArray.cpp */,
				5FD07CEF1D565A0E00A3296C /* OperatorOverloading.cpp */,
				5FD07CF01D565A0E00A3296C /* OverloadOperators.cpp */,
				5FD07CF11D565A0E00A3296C /* SayHelloWorldWithCpp.cpp */,
				5FD07CF21D565A0E00A3296C /* VariableSizedArrays.cpp */,
				5FD07CF31D565A0E00A3296C /* VirtualFunctions.cpp */,
				5FD07D071D565E1E00A3296C /* BasicDataTypes.cpp */,
				5FD07D091D565E6C00A3296C /* InputAndOutput.cpp */,
				5FD07D0B1D565EAB00A3296C /* ConditionalStatements.cpp */,
				5FD07D0D1D565EFE00A3296C /* ForLoop.cpp */,
				5FD07D0F1D5660AC00A3296C /* Strings.cpp */,
				5FD07D111D5664CB00A3296C /* StringStream.cpp */,
				5FB60A3D1D676E45000F0B82 /* Structs.cpp */,
				5FB60A3F1D6778A1000F0B82 /* Class.cpp */,
				5FB60A411D6778F0000F0B82 /* ClassesAndObjects.cpp */,
				5FB60A4C1D6799A9000F0B82 /* BoxIt.cpp */,
				5FB60A4E1D679A9F000F0B82 /* InheritedCode.cpp */,
				5FB60A501D679B10000F0B82 /* ExceptionalServer.cpp */,
				5FB60A521D679C98000F0B82 /* AttendingWorkshops.cpp */,
				5F1A31351D689171003E6024 /* CPPClassTemplateSpecialization.cpp */,
				5F1A31371D6891B8003E6024 /* CPPClassTemplates.cpp */,
				5F1A313A1D68958B003E6024 /* AbstractClassesPolymorphism.cpp */,
				5F1A313C1D68B315003E6024 /* CPPVariadics.cpp */,
				45CDC3331D6B2404002E6E12 /* VectorSort.cpp */,
				45CDC3351D6B25FC002E6E12 /* VectorErase.cpp */,
				4512BF4E1D6C6B9C00FECE1E /* LowerBoundSTL.cpp */,
				4512BF501D6C77CF00FECE1E /* SetsSTL.cpp */,
				452A576D1D6CA76100C845E7 /* MapsSTL.cpp */,
				4513C66B1D6DF59A007641A2 /* PrintPretty.cpp */,
				458CA0D61D6F061800B2C918 /* InheritanceIntroduction.cpp */,
				458CA0D81D6F074400B2C918 /* RectangleArea.cpp */,
				458CA0DA1D6F137900B2C918 /* MultiLevelInheritance.cpp */,
				458CA0DC1D6F14D800B2C918 /* AccessingInheritedFunctions.cpp */,
				45B113531D6F45BB009E082F /* DequeSTL.cpp */,
				45785E421D70658600CD4E42 /* MagicSpells.cpp */,
				5F381CB91D947A2E0023BA32 /* ArraysIntroduction.cpp */,
				5FEF7D101D96F25E00E9A6B6 /* AttributeParser.cpp */,
			);
			path = CPP;
			sourceTree = "<group>";
		};
		5FE2DB801D4D5ABD007CDFD2 = {
			isa = PBXGroup;
			children = (
				5F3E789D1D95B25C00F478F8 /* LICENSE.md */,
				5F3E789E1D95B25C00F478F8 /* README.md */,
				4576A8111D93F79D0013A1B9 /* HackerRank-Bridging-Header.h */,
				5F7CA90E1D8D771C006867DD /* 30DaysOfCode */,
				5FD07CE01D565A0E00A3296C /* Algorithms */,
				5FD07CED1D565A0E00A3296C /* CPP */,
				5F381CB81D94795E0023BA32 /* DataStructures */,
				5F2E23F41DC01C89001565D5 /* CrackingTheCodingInterview */,
				5FB60A491D6798C5000F0B82 /* Mathematics */,
				5FE2DB8A1D4D5ABD007CDFD2 /* Products */,
			);
			sourceTree = "<group>";
		};
		5FE2DB8A1D4D5ABD007CDFD2 /* Products */ = {
			isa = PBXGroup;
			children = (
				5FE2DB891D4D5ABD007CDFD2 /* HackerRank */,
			);
			name = Products;
			sourceTree = "<group>";
		};
/* End PBXGroup section */

/* Begin PBXNativeTarget section */
		5FE2DB881D4D5ABD007CDFD2 /* HackerRank */ = {
			isa = PBXNativeTarget;
			buildConfigurationList = 5FE2DB901D4D5ABD007CDFD2 /* Build configuration list for PBXNativeTarget "HackerRank" */;
			buildPhases = (
				5FE2DB851D4D5ABD007CDFD2 /* Sources */,
				5FE2DB861D4D5ABD007CDFD2 /* Frameworks */,
				5FE2DB871D4D5ABD007CDFD2 /* CopyFiles */,
			);
			buildRules = (
			);
			dependencies = (
			);
			name = HackerRank;
			productName = HackerRank;
			productReference = 5FE2DB891D4D5ABD007CDFD2 /* HackerRank */;
			productType = "com.apple.product-type.tool";
		};
/* End PBXNativeTarget section */

/* Begin PBXProject section */
		5FE2DB811D4D5ABD007CDFD2 /* Project object */ = {
			isa = PBXProject;
			attributes = {
				LastUpgradeCheck = 0800;
				ORGANIZATIONNAME = "Fabrizio Duroni";
				TargetAttributes = {
					5FE2DB881D4D5ABD007CDFD2 = {
						CreatedOnToolsVersion = 7.3.1;
						LastSwiftMigration = 0800;
					};
				};
			};
			buildConfigurationList = 5FE2DB841D4D5ABD007CDFD2 /* Build configuration list for PBXProject "HackerRank" */;
			compatibilityVersion = "Xcode 3.2";
			developmentRegion = English;
			hasScannedForEncodings = 0;
			knownRegions = (
				en,
			);
			mainGroup = 5FE2DB801D4D5ABD007CDFD2;
			productRefGroup = 5FE2DB8A1D4D5ABD007CDFD2 /* Products */;
			projectDirPath = "";
			projectRoot = "";
			targets = (
				5FE2DB881D4D5ABD007CDFD2 /* HackerRank */,
			);
		};
/* End PBXProject section */

/* Begin PBXSourcesBuildPhase section */
		5FE2DB851D4D5ABD007CDFD2 /* Sources */ = {
			isa = PBXSourcesBuildPhase;
			buildActionMask = 2147483647;
			files = (
				5F83D72B1E00B649000C7512 /* TreeLevelOrderTraversal.cpp in Sources */,
			);
			runOnlyForDeploymentPostprocessing = 0;
		};
/* End PBXSourcesBuildPhase section */

/* Begin XCBuildConfiguration section */
		5FE2DB8E1D4D5ABD007CDFD2 /* Debug */ = {
			isa = XCBuildConfiguration;
			buildSettings = {
				ALWAYS_SEARCH_USER_PATHS = NO;
				CLANG_ANALYZER_NONNULL = YES;
				CLANG_CXX_LANGUAGE_STANDARD = "gnu++0x";
				CLANG_CXX_LIBRARY = "libc++";
				CLANG_ENABLE_MODULES = YES;
				CLANG_ENABLE_OBJC_ARC = YES;
				CLANG_WARN_BOOL_CONVERSION = YES;
				CLANG_WARN_CONSTANT_CONVERSION = YES;
				CLANG_WARN_DIRECT_OBJC_ISA_USAGE = YES_ERROR;
				CLANG_WARN_EMPTY_BODY = YES;
				CLANG_WARN_ENUM_CONVERSION = YES;
				CLANG_WARN_INFINITE_RECURSION = YES;
				CLANG_WARN_INT_CONVERSION = YES;
				CLANG_WARN_OBJC_ROOT_CLASS = YES_ERROR;
				CLANG_WARN_SUSPICIOUS_MOVE = YES;
				CLANG_WARN_UNREACHABLE_CODE = YES;
				CLANG_WARN__DUPLICATE_METHOD_MATCH = YES;
				CODE_SIGN_IDENTITY = "-";
				COPY_PHASE_STRIP = NO;
				DEBUG_INFORMATION_FORMAT = dwarf;
				ENABLE_STRICT_OBJC_MSGSEND = YES;
				ENABLE_TESTABILITY = YES;
				GCC_C_LANGUAGE_STANDARD = gnu99;
				GCC_DYNAMIC_NO_PIC = NO;
				GCC_NO_COMMON_BLOCKS = YES;
				GCC_OPTIMIZATION_LEVEL = 0;
				GCC_PREPROCESSOR_DEFINITIONS = (
					"DEBUG=1",
					"$(inherited)",
				);
				GCC_WARN_64_TO_32_BIT_CONVERSION = YES;
				GCC_WARN_ABOUT_RETURN_TYPE = YES_ERROR;
				GCC_WARN_UNDECLARED_SELECTOR = YES;
				GCC_WARN_UNINITIALIZED_AUTOS = YES_AGGRESSIVE;
				GCC_WARN_UNUSED_FUNCTION = YES;
				GCC_WARN_UNUSED_VARIABLE = YES;
				MACOSX_DEPLOYMENT_TARGET = 10.11;
				MTL_ENABLE_DEBUG_INFO = YES;
				ONLY_ACTIVE_ARCH = YES;
				SDKROOT = macosx;
			};
			name = Debug;
		};
		5FE2DB8F1D4D5ABD007CDFD2 /* Release */ = {
			isa = XCBuildConfiguration;
			buildSettings = {
				ALWAYS_SEARCH_USER_PATHS = NO;
				CLANG_ANALYZER_NONNULL = YES;
				CLANG_CXX_LANGUAGE_STANDARD = "gnu++0x";
				CLANG_CXX_LIBRARY = "libc++";
				CLANG_ENABLE_MODULES = YES;
				CLANG_ENABLE_OBJC_ARC = YES;
				CLANG_WARN_BOOL_CONVERSION = YES;
				CLANG_WARN_CONSTANT_CONVERSION = YES;
				CLANG_WARN_DIRECT_OBJC_ISA_USAGE = YES_ERROR;
				CLANG_WARN_EMPTY_BODY = YES;
				CLANG_WARN_ENUM_CONVERSION = YES;
				CLANG_WARN_INFINITE_RECURSION = YES;
				CLANG_WARN_INT_CONVERSION = YES;
				CLANG_WARN_OBJC_ROOT_CLASS = YES_ERROR;
				CLANG_WARN_SUSPICIOUS_MOVE = YES;
				CLANG_WARN_UNREACHABLE_CODE = YES;
				CLANG_WARN__DUPLICATE_METHOD_MATCH = YES;
				CODE_SIGN_IDENTITY = "-";
				COPY_PHASE_STRIP = NO;
				DEBUG_INFORMATION_FORMAT = "dwarf-with-dsym";
				ENABLE_NS_ASSERTIONS = NO;
				ENABLE_STRICT_OBJC_MSGSEND = YES;
				GCC_C_LANGUAGE_STANDARD = gnu99;
				GCC_NO_COMMON_BLOCKS = YES;
				GCC_WARN_64_TO_32_BIT_CONVERSION = YES;
				GCC_WARN_ABOUT_RETURN_TYPE = YES_ERROR;
				GCC_WARN_UNDECLARED_SELECTOR = YES;
				GCC_WARN_UNINITIALIZED_AUTOS = YES_AGGRESSIVE;
				GCC_WARN_UNUSED_FUNCTION = YES;
				GCC_WARN_UNUSED_VARIABLE = YES;
				MACOSX_DEPLOYMENT_TARGET = 10.11;
				MTL_ENABLE_DEBUG_INFO = NO;
				SDKROOT = macosx;
				SWIFT_OPTIMIZATION_LEVEL = "-Owholemodule";
			};
			name = Release;
		};
		5FE2DB911D4D5ABD007CDFD2 /* Debug */ = {
			isa = XCBuildConfiguration;
			buildSettings = {
				CLANG_ENABLE_MODULES = YES;
				LD_RUNPATH_SEARCH_PATHS = "$(inherited) @executable_path/../Frameworks @loader_path/../Frameworks";
				PRODUCT_NAME = "$(TARGET_NAME)";
				SWIFT_OBJC_BRIDGING_HEADER = "HackerRank-Bridging-Header.h";
				SWIFT_OPTIMIZATION_LEVEL = "-Onone";
				SWIFT_VERSION = 3.0;
			};
			name = Debug;
		};
		5FE2DB921D4D5ABD007CDFD2 /* Release */ = {
			isa = XCBuildConfiguration;
			buildSettings = {
				CLANG_ENABLE_MODULES = YES;
				LD_RUNPATH_SEARCH_PATHS = "$(inherited) @executable_path/../Frameworks @loader_path/../Frameworks";
				PRODUCT_NAME = "$(TARGET_NAME)";
				SWIFT_OBJC_BRIDGING_HEADER = "HackerRank-Bridging-Header.h";
				SWIFT_VERSION = 3.0;
			};
			name = Release;
		};
/* End XCBuildConfiguration section */

/* Begin XCConfigurationList section */
		5FE2DB841D4D5ABD007CDFD2 /* Build configuration list for PBXProject "HackerRank" */ = {
			isa = XCConfigurationList;
			buildConfigurations = (
				5FE2DB8E1D4D5ABD007CDFD2 /* Debug */,
				5FE2DB8F1D4D5ABD007CDFD2 /* Release */,
			);
			defaultConfigurationIsVisible = 0;
			defaultConfigurationName = Release;
		};
		5FE2DB901D4D5ABD007CDFD2 /* Build configuration list for PBXNativeTarget "HackerRank" */ = {
			isa = XCConfigurationList;
			buildConfigurations = (
				5FE2DB911D4D5ABD007CDFD2 /* Debug */,
				5FE2DB921D4D5ABD007CDFD2 /* Release */,
			);
			defaultConfigurationIsVisible = 0;
			defaultConfigurationName = Release;
		};
/* End XCConfigurationList section */
	};
	rootObject = 5FE2DB811D4D5ABD007CDFD2 /* Project object */;
}
