// !$*UTF8*$!
{
	archiveVersion = 1;
	classes = {
	};
	objectVersion = 46;
	objects = {

/* Begin PBXBuildFile section */
		5FFD62E91D7A276B00E5281B /* SuperReducedString.cpp in Sources */ = {isa = PBXBuildFile; fileRef = 5FFD62E81D7A276B00E5281B /* SuperReducedString.cpp */; };
/* End PBXBuildFile section */

/* Begin PBXCopyFilesBuildPhase section */
		5FE2DB871D4D5ABD007CDFD2 /* CopyFiles */ = {
			isa = PBXCopyFilesBuildPhase;
			buildActionMask = 2147483647;
			dstPath = /usr/share/man/man1/;
			dstSubfolderSpec = 0;
			files = (
			);
			runOnlyForDeploymentPostprocessing = 1;
		};
/* End PBXCopyFilesBuildPhase section */

/* Begin PBXFileReference section */
		4512BF4E1D6C6B9C00FECE1E /* LowerBoundSTL.cpp */ = {isa = PBXFileReference; fileEncoding = 4; lastKnownFileType = sourcecode.cpp.cpp; path = LowerBoundSTL.cpp; sourceTree = "<group>"; };
		4512BF501D6C77CF00FECE1E /* SetsSTL.cpp */ = {isa = PBXFileReference; fileEncoding = 4; lastKnownFileType = sourcecode.cpp.cpp; path = SetsSTL.cpp; sourceTree = "<group>"; };
		4513C66B1D6DF59A007641A2 /* PrintPretty.cpp */ = {isa = PBXFileReference; fileEncoding = 4; lastKnownFileType = sourcecode.cpp.cpp; path = PrintPretty.cpp; sourceTree = "<group>"; };
		452A576D1D6CA76100C845E7 /* MapsSTL.cpp */ = {isa = PBXFileReference; fileEncoding = 4; lastKnownFileType = sourcecode.cpp.cpp; path = MapsSTL.cpp; sourceTree = "<group>"; };
		45785E421D70658600CD4E42 /* MagicSpells.cpp */ = {isa = PBXFileReference; fileEncoding = 4; lastKnownFileType = sourcecode.cpp.cpp; path = MagicSpells.cpp; sourceTree = "<group>"; };
		458CA0D61D6F061800B2C918 /* InheritanceIntroduction.cpp */ = {isa = PBXFileReference; fileEncoding = 4; lastKnownFileType = sourcecode.cpp.cpp; path = InheritanceIntroduction.cpp; sourceTree = "<group>"; };
		458CA0D81D6F074400B2C918 /* RectangleArea.cpp */ = {isa = PBXFileReference; fileEncoding = 4; lastKnownFileType = sourcecode.cpp.cpp; path = RectangleArea.cpp; sourceTree = "<group>"; };
		458CA0DA1D6F137900B2C918 /* MultiLevelInheritance.cpp */ = {isa = PBXFileReference; fileEncoding = 4; lastKnownFileType = sourcecode.cpp.cpp; path = MultiLevelInheritance.cpp; sourceTree = "<group>"; };
		458CA0DC1D6F14D800B2C918 /* AccessingInheritedFunctions.cpp */ = {isa = PBXFileReference; fileEncoding = 4; lastKnownFileType = sourcecode.cpp.cpp; path = AccessingInheritedFunctions.cpp; sourceTree = "<group>"; };
		45B113531D6F45BB009E082F /* DequeSTL.cpp */ = {isa = PBXFileReference; fileEncoding = 4; lastKnownFileType = sourcecode.cpp.cpp; path = DequeSTL.cpp; sourceTree = "<group>"; };
		45CDC3331D6B2404002E6E12 /* VectorSort.cpp */ = {isa = PBXFileReference; fileEncoding = 4; lastKnownFileType = sourcecode.cpp.cpp; path = VectorSort.cpp; sourceTree = "<group>"; };
		45CDC3351D6B25FC002E6E12 /* VectorErase.cpp */ = {isa = PBXFileReference; fileEncoding = 4; lastKnownFileType = sourcecode.cpp.cpp; path = VectorErase.cpp; sourceTree = "<group>"; };
		5F1A31351D689171003E6024 /* CPPClassTemplateSpecialization.cpp */ = {isa = PBXFileReference; fileEncoding = 4; lastKnownFileType = sourcecode.cpp.cpp; path = CPPClassTemplateSpecialization.cpp; sourceTree = "<group>"; };
		5F1A31371D6891B8003E6024 /* CPPClassTemplates.cpp */ = {isa = PBXFileReference; fileEncoding = 4; lastKnownFileType = sourcecode.cpp.cpp; path = CPPClassTemplates.cpp; sourceTree = "<group>"; };
		5F1A313A1D68958B003E6024 /* AbstractClassesPolymorphism.cpp */ = {isa = PBXFileReference; fileEncoding = 4; lastKnownFileType = sourcecode.cpp.cpp; path = AbstractClassesPolymorphism.cpp; sourceTree = "<group>"; };
		5F1A313C1D68B315003E6024 /* CPPVariadics.cpp */ = {isa = PBXFileReference; fileEncoding = 4; lastKnownFileType = sourcecode.cpp.cpp; path = CPPVariadics.cpp; sourceTree = "<group>"; };
		5FB60A3D1D676E45000F0B82 /* Structs.cpp */ = {isa = PBXFileReference; fileEncoding = 4; lastKnownFileType = sourcecode.cpp.cpp; path = Structs.cpp; sourceTree = "<group>"; };
		5FB60A3F1D6778A1000F0B82 /* Class.cpp */ = {isa = PBXFileReference; fileEncoding = 4; lastKnownFileType = sourcecode.cpp.cpp; path = Class.cpp; sourceTree = "<group>"; };
		5FB60A411D6778F0000F0B82 /* ClassesAndObjects.cpp */ = {isa = PBXFileReference; fileEncoding = 4; lastKnownFileType = sourcecode.cpp.cpp; path = ClassesAndObjects.cpp; sourceTree = "<group>"; };
		5FB60A431D678DB7000F0B82 /* NewYearChaos.cpp */ = {isa = PBXFileReference; fileEncoding = 4; lastKnownFileType = sourcecode.cpp.cpp; path = NewYearChaos.cpp; sourceTree = "<group>"; };
		5FB60A451D678E2B000F0B82 /* FlatlandSpaceStations.cpp */ = {isa = PBXFileReference; fileEncoding = 4; lastKnownFileType = sourcecode.cpp.cpp; path = FlatlandSpaceStations.cpp; sourceTree = "<group>"; };
		5FB60A471D67969E000F0B82 /* AbsolutePermutation.cpp */ = {isa = PBXFileReference; fileEncoding = 4; lastKnownFileType = sourcecode.cpp.cpp; path = AbsolutePermutation.cpp; sourceTree = "<group>"; };
		5FB60A4A1D6798DA000F0B82 /* MaximumDraws.cpp */ = {isa = PBXFileReference; fileEncoding = 4; lastKnownFileType = sourcecode.cpp.cpp; path = MaximumDraws.cpp; sourceTree = "<group>"; };
		5FB60A4C1D6799A9000F0B82 /* BoxIt.cpp */ = {isa = PBXFileReference; fileEncoding = 4; lastKnownFileType = sourcecode.cpp.cpp; path = BoxIt.cpp; sourceTree = "<group>"; };
		5FB60A4E1D679A9F000F0B82 /* InheritedCode.cpp */ = {isa = PBXFileReference; fileEncoding = 4; lastKnownFileType = sourcecode.cpp.cpp; path = InheritedCode.cpp; sourceTree = "<group>"; };
		5FB60A501D679B10000F0B82 /* ExceptionalServer.cpp */ = {isa = PBXFileReference; fileEncoding = 4; lastKnownFileType = sourcecode.cpp.cpp; path = ExceptionalServer.cpp; sourceTree = "<group>"; };
		5FB60A521D679C98000F0B82 /* AttendingWorkshops.cpp */ = {isa = PBXFileReference; fileEncoding = 4; lastKnownFileType = sourcecode.cpp.cpp; path = AttendingWorkshops.cpp; sourceTree = "<group>"; };
		5FC29BBD1D57C0F4008EE87D /* LisasWorkbook.cpp */ = {isa = PBXFileReference; fileEncoding = 4; lastKnownFileType = sourcecode.cpp.cpp; path = LisasWorkbook.cpp; sourceTree = "<group>"; };
		5FD07CE11D565A0E00A3296C /* AngryProfessor.cpp */ = {isa = PBXFileReference; fileEncoding = 4; lastKnownFileType = sourcecode.cpp.cpp; lineEnding = 0; path = AngryProfessor.cpp; sourceTree = "<group>"; xcLanguageSpecificationIdentifier = xcode.lang.cpp; };
		5FD07CE21D565A0E00A3296C /* BiggerIsGreater.cpp */ = {isa = PBXFileReference; fileEncoding = 4; lastKnownFileType = sourcecode.cpp.cpp; lineEnding = 0; path = BiggerIsGreater.cpp; sourceTree = "<group>"; xcLanguageSpecificationIdentifier = xcode.lang.cpp; };
		5FD07CE31D565A0E00A3296C /* CutTheSticks.cpp */ = {isa = PBXFileReference; fileEncoding = 4; lastKnownFileType = sourcecode.cpp.cpp; lineEnding = 0; path = CutTheSticks.cpp; sourceTree = "<group>"; xcLanguageSpecificationIdentifier = xcode.lang.cpp; };
		5FD07CE41D565A0E00A3296C /* DivisibleSumPairs.cpp */ = {isa = PBXFileReference; fileEncoding = 4; lastKnownFileType = sourcecode.cpp.cpp; lineEnding = 0; path = DivisibleSumPairs.cpp; sourceTree = "<group>"; xcLanguageSpecificationIdentifier = xcode.lang.cpp; };
		5FD07CE51D565A0E00A3296C /* EqualStacks.cpp */ = {isa = PBXFileReference; fileEncoding = 4; lastKnownFileType = sourcecode.cpp.cpp; lineEnding = 0; path = EqualStacks.cpp; sourceTree = "<group>"; xcLanguageSpecificationIdentifier = xcode.lang.cpp; };
		5FD07CE61D565A0E00A3296C /* EvenTree.cpp */ = {isa = PBXFileReference; fileEncoding = 4; lastKnownFileType = sourcecode.cpp.cpp; path = EvenTree.cpp; sourceTree = "<group>"; };
		5FD07CE71D565A0E00A3296C /* FibonacciModified.cpp */ = {isa = PBXFileReference; fileEncoding = 4; lastKnownFileType = sourcecode.cpp.cpp; lineEnding = 0; path = FibonacciModified.cpp; sourceTree = "<group>"; xcLanguageSpecificationIdentifier = xcode.lang.cpp; };
		5FD07CE81D565A0E00A3296C /* IntroToTutorialChallenges.cpp */ = {isa = PBXFileReference; fileEncoding = 4; lastKnownFileType = sourcecode.cpp.cpp; lineEnding = 0; path = IntroToTutorialChallenges.cpp; sourceTree = "<group>"; xcLanguageSpecificationIdentifier = xcode.lang.cpp; };
		5FD07CE91D565A0E00A3296C /* JumpingOnTheClouds.cpp */ = {isa = PBXFileReference; fileEncoding = 4; lastKnownFileType = sourcecode.cpp.cpp; lineEnding = 0; path = JumpingOnTheClouds.cpp; sourceTree = "<group>"; xcLanguageSpecificationIdentifier = xcode.lang.cpp; };
		5FD07CEA1D565A0E00A3296C /* NonDivisibleSubset.cpp */ = {isa = PBXFileReference; fileEncoding = 4; lastKnownFileType = sourcecode.cpp.cpp; lineEnding = 0; path = NonDivisibleSubset.cpp; sourceTree = "<group>"; xcLanguageSpecificationIdentifier = xcode.lang.cpp; };
		5FD07CEB1D565A0E00A3296C /* SavethePrisoner.cpp */ = {isa = PBXFileReference; fileEncoding = 4; lastKnownFileType = sourcecode.cpp.cpp; path = SavethePrisoner.cpp; sourceTree = "<group>"; };
		5FD07CEC1D565A0E00A3296C /* StrangeCounter.cpp */ = {isa = PBXFileReference; fileEncoding = 4; lastKnownFileType = sourcecode.cpp.cpp; path = StrangeCounter.cpp; sourceTree = "<group>"; };
		5FD07CEE1D565A0E00A3296C /* BitArray.cpp */ = {isa = PBXFileReference; fileEncoding = 4; lastKnownFileType = sourcecode.cpp.cpp; lineEnding = 0; path = BitArray.cpp; sourceTree = "<group>"; xcLanguageSpecificationIdentifier = xcode.lang.cpp; };
		5FD07CEF1D565A0E00A3296C /* OperatorOverloading.cpp */ = {isa = PBXFileReference; fileEncoding = 4; lastKnownFileType = sourcecode.cpp.cpp; lineEnding = 0; path = OperatorOverloading.cpp; sourceTree = "<group>"; xcLanguageSpecificationIdentifier = xcode.lang.cpp; };
		5FD07CF01D565A0E00A3296C /* OverloadOperators.cpp */ = {isa = PBXFileReference; fileEncoding = 4; lastKnownFileType = sourcecode.cpp.cpp; path = OverloadOperators.cpp; sourceTree = "<group>"; };
		5FD07CF11D565A0E00A3296C /* SayHelloWorldWithCpp.cpp */ = {isa = PBXFileReference; fileEncoding = 4; lastKnownFileType = sourcecode.cpp.cpp; lineEnding = 0; path = SayHelloWorldWithCpp.cpp; sourceTree = "<group>"; xcLanguageSpecificationIdentifier = xcode.lang.cpp; };
		5FD07CF21D565A0E00A3296C /* VariableSizedArrays.cpp */ = {isa = PBXFileReference; fileEncoding = 4; lastKnownFileType = sourcecode.cpp.cpp; lineEnding = 0; path = VariableSizedArrays.cpp; sourceTree = "<group>"; xcLanguageSpecificationIdentifier = xcode.lang.cpp; };
		5FD07CF31D565A0E00A3296C /* VirtualFunctions.cpp */ = {isa = PBXFileReference; fileEncoding = 4; lastKnownFileType = sourcecode.cpp.cpp; path = VirtualFunctions.cpp; sourceTree = "<group>"; };
		5FD07D071D565E1E00A3296C /* BasicDataTypes.cpp */ = {isa = PBXFileReference; fileEncoding = 4; lastKnownFileType = sourcecode.cpp.cpp; lineEnding = 0; path = BasicDataTypes.cpp; sourceTree = "<group>"; xcLanguageSpecificationIdentifier = xcode.lang.cpp; };
		5FD07D091D565E6C00A3296C /* InputAndOutput.cpp */ = {isa = PBXFileReference; fileEncoding = 4; lastKnownFileType = sourcecode.cpp.cpp; lineEnding = 0; path = InputAndOutput.cpp; sourceTree = "<group>"; xcLanguageSpecificationIdentifier = xcode.lang.cpp; };
		5FD07D0B1D565EAB00A3296C /* ConditionalStatements.cpp */ = {isa = PBXFileReference; fileEncoding = 4; lastKnownFileType = sourcecode.cpp.cpp; lineEnding = 0; path = ConditionalStatements.cpp; sourceTree = "<group>"; xcLanguageSpecificationIdentifier = xcode.lang.cpp; };
		5FD07D0D1D565EFE00A3296C /* ForLoop.cpp */ = {isa = PBXFileReference; fileEncoding = 4; lastKnownFileType = sourcecode.cpp.cpp; path = ForLoop.cpp; sourceTree = "<group>"; };
		5FD07D0F1D5660AC00A3296C /* Strings.cpp */ = {isa = PBXFileReference; fileEncoding = 4; lastKnownFileType = sourcecode.cpp.cpp; path = Strings.cpp; sourceTree = "<group>"; };
		5FD07D111D5664CB00A3296C /* StringStream.cpp */ = {isa = PBXFileReference; fileEncoding = 4; lastKnownFileType = sourcecode.cpp.cpp; path = StringStream.cpp; sourceTree = "<group>"; };
		5FD07D151D56793C00A3296C /* JumpingOntheCloudsRevisited.cpp */ = {isa = PBXFileReference; fileEncoding = 4; lastKnownFileType = sourcecode.cpp.cpp; path = JumpingOntheCloudsRevisited.cpp; sourceTree = "<group>"; };
		5FE2DB891D4D5ABD007CDFD2 /* HackerRank */ = {isa = PBXFileReference; explicitFileType = "compiled.mach-o.executable"; includeInIndex = 0; path = HackerRank; sourceTree = BUILT_PRODUCTS_DIR; };
		5FFD62E41D7A13C400E5281B /* FindPoint.cpp */ = {isa = PBXFileReference; fileEncoding = 4; lastKnownFileType = sourcecode.cpp.cpp; path = FindPoint.cpp; sourceTree = "<group>"; };
		5FFD62E61D7A145400E5281B /* Handshake.cpp */ = {isa = PBXFileReference; fileEncoding = 4; lastKnownFileType = sourcecode.cpp.cpp; path = Handshake.cpp; sourceTree = "<group>"; };
		5FFD62E81D7A276B00E5281B /* SuperReducedString.cpp */ = {isa = PBXFileReference; fileEncoding = 4; lastKnownFileType = sourcecode.cpp.cpp; path = SuperReducedString.cpp; sourceTree = "<group>"; };
/* End PBXFileReference section */

/* Begin PBXFrameworksBuildPhase section */
		5FE2DB861D4D5ABD007CDFD2 /* Frameworks */ = {
			isa = PBXFrameworksBuildPhase;
			buildActionMask = 2147483647;
			files = (
			);
			runOnlyForDeploymentPostprocessing = 0;
		};
/* End PBXFrameworksBuildPhase section */

/* Begin PBXGroup section */
		5FB60A491D6798C5000F0B82 /* Mathematics */ = {
			isa = PBXGroup;
			children = (
				5FB60A4A1D6798DA000F0B82 /* MaximumDraws.cpp */,
				5FFD62E41D7A13C400E5281B /* FindPoint.cpp */,
				5FFD62E61D7A145400E5281B /* Handshake.cpp */,
			);
			path = Mathematics;
			sourceTree = "<group>";
		};
		5FD07CE01D565A0E00A3296C /* Algorithms */ = {
			isa = PBXGroup;
			children = (
				5FD07CE11D565A0E00A3296C /* AngryProfessor.cpp */,
				5FD07CE21D565A0E00A3296C /* BiggerIsGreater.cpp */,
				5FD07CE31D565A0E00A3296C /* CutTheSticks.cpp */,
				5FC29BBD1D57C0F4008EE87D /* LisasWorkbook.cpp */,
				5FD07CE41D565A0E00A3296C /* DivisibleSumPairs.cpp */,
				5FD07CE51D565A0E00A3296C /* EqualStacks.cpp */,
				5FD07CE61D565A0E00A3296C /* EvenTree.cpp */,
				5FD07CE71D565A0E00A3296C /* FibonacciModified.cpp */,
				5FD07CE81D565A0E00A3296C /* IntroToTutorialChallenges.cpp */,
				5FD07CE91D565A0E00A3296C /* JumpingOnTheClouds.cpp */,
				5FD07D151D56793C00A3296C /* JumpingOntheCloudsRevisited.cpp */,
				5FD07CEA1D565A0E00A3296C /* NonDivisibleSubset.cpp */,
				5FD07CEB1D565A0E00A3296C /* SavethePrisoner.cpp */,
				5FD07CEC1D565A0E00A3296C /* StrangeCounter.cpp */,
				5FB60A431D678DB7000F0B82 /* NewYearChaos.cpp */,
				5FB60A451D678E2B000F0B82 /* FlatlandSpaceStations.cpp */,
				5FB60A471D67969E000F0B82 /* AbsolutePermutation.cpp */,
				5FFD62E81D7A276B00E5281B /* SuperReducedString.cpp */,
			);
			path = Algorithms;
			sourceTree = "<group>";
		};
		5FD07CED1D565A0E00A3296C /* CPP */ = {
			isa = PBXGroup;
			children = (
				5FD07CEE1D565A0E00A3296C /* BitArray.cpp */,
				5FD07CEF1D565A0E00A3296C /* OperatorOverloading.cpp */,
				5FD07CF01D565A0E00A3296C /* OverloadOperators.cpp */,
				5FD07CF11D565A0E00A3296C /* SayHelloWorldWithCpp.cpp */,
				5FD07CF21D565A0E00A3296C /* VariableSizedArrays.cpp */,
				5FD07CF31D565A0E00A3296C /* VirtualFunctions.cpp */,
				5FD07D071D565E1E00A3296C /* BasicDataTypes.cpp */,
				5FD07D091D565E6C00A3296C /* InputAndOutput.cpp */,
				5FD07D0B1D565EAB00A3296C /* ConditionalStatements.cpp */,
				5FD07D0D1D565EFE00A3296C /* ForLoop.cpp */,
				5FD07D0F1D5660AC00A3296C /* Strings.cpp */,
				5FD07D111D5664CB00A3296C /* StringStream.cpp */,
				5FB60A3D1D676E45000F0B82 /* Structs.cpp */,
				5FB60A3F1D6778A1000F0B82 /* Class.cpp */,
				5FB60A411D6778F0000F0B82 /* ClassesAndObjects.cpp */,
				5FB60A4C1D6799A9000F0B82 /* BoxIt.cpp */,
				5FB60A4E1D679A9F000F0B82 /* InheritedCode.cpp */,
				5FB60A501D679B10000F0B82 /* ExceptionalServer.cpp */,
				5FB60A521D679C98000F0B82 /* AttendingWorkshops.cpp */,
				5F1A31351D689171003E6024 /* CPPClassTemplateSpecialization.cpp */,
				5F1A31371D6891B8003E6024 /* CPPClassTemplates.cpp */,
				5F1A313A1D68958B003E6024 /* AbstractClassesPolymorphism.cpp */,
				5F1A313C1D68B315003E6024 /* CPPVariadics.cpp */,
				45CDC3331D6B2404002E6E12 /* VectorSort.cpp */,
				45CDC3351D6B25FC002E6E12 /* VectorErase.cpp */,
				4512BF4E1D6C6B9C00FECE1E /* LowerBoundSTL.cpp */,
				4512BF501D6C77CF00FECE1E /* SetsSTL.cpp */,
				452A576D1D6CA76100C845E7 /* MapsSTL.cpp */,
				4513C66B1D6DF59A007641A2 /* PrintPretty.cpp */,
				458CA0D61D6F061800B2C918 /* InheritanceIntroduction.cpp */,
				458CA0D81D6F074400B2C918 /* RectangleArea.cpp */,
				458CA0DA1D6F137900B2C918 /* MultiLevelInheritance.cpp */,
				458CA0DC1D6F14D800B2C918 /* AccessingInheritedFunctions.cpp */,
				45B113531D6F45BB009E082F /* DequeSTL.cpp */,
				45785E421D70658600CD4E42 /* MagicSpells.cpp */,
			);
			path = CPP;
			sourceTree = "<group>";
		};
		5FE2DB801D4D5ABD007CDFD2 = {
			isa = PBXGroup;
			children = (
				5FD07CE01D565A0E00A3296C /* Algorithms */,
				5FD07CED1D565A0E00A3296C /* CPP */,
				5FB60A491D6798C5000F0B82 /* Mathematics */,
				5FE2DB8A1D4D5ABD007CDFD2 /* Products */,
			);
			sourceTree = "<group>";
		};
		5FE2DB8A1D4D5ABD007CDFD2 /* Products */ = {
			isa = PBXGroup;
			children = (
				5FE2DB891D4D5ABD007CDFD2 /* HackerRank */,
			);
			name = Products;
			sourceTree = "<group>";
		};
/* End PBXGroup section */

/* Begin PBXNativeTarget section */
		5FE2DB881D4D5ABD007CDFD2 /* HackerRank */ = {
			isa = PBXNativeTarget;
			buildConfigurationList = 5FE2DB901D4D5ABD007CDFD2 /* Build configuration list for PBXNativeTarget "HackerRank" */;
			buildPhases = (
				5FE2DB851D4D5ABD007CDFD2 /* Sources */,
				5FE2DB861D4D5ABD007CDFD2 /* Frameworks */,
				5FE2DB871D4D5ABD007CDFD2 /* CopyFiles */,
			);
			buildRules = (
			);
			dependencies = (
			);
			name = HackerRank;
			productName = HackerRank;
			productReference = 5FE2DB891D4D5ABD007CDFD2 /* HackerRank */;
			productType = "com.apple.product-type.tool";
		};
/* End PBXNativeTarget section */

/* Begin PBXProject section */
		5FE2DB811D4D5ABD007CDFD2 /* Project object */ = {
			isa = PBXProject;
			attributes = {
				LastUpgradeCheck = 0730;
				ORGANIZATIONNAME = "Fabrizio Duroni";
				TargetAttributes = {
					5FE2DB881D4D5ABD007CDFD2 = {
						CreatedOnToolsVersion = 7.3.1;
					};
				};
			};
			buildConfigurationList = 5FE2DB841D4D5ABD007CDFD2 /* Build configuration list for PBXProject "HackerRank" */;
			compatibilityVersion = "Xcode 3.2";
			developmentRegion = English;
			hasScannedForEncodings = 0;
			knownRegions = (
				en,
			);
			mainGroup = 5FE2DB801D4D5ABD007CDFD2;
			productRefGroup = 5FE2DB8A1D4D5ABD007CDFD2 /* Products */;
			projectDirPath = "";
			projectRoot = "";
			targets = (
				5FE2DB881D4D5ABD007CDFD2 /* HackerRank */,
			);
		};
/* End PBXProject section */

/* Begin PBXSourcesBuildPhase section */
		5FE2DB851D4D5ABD007CDFD2 /* Sources */ = {
			isa = PBXSourcesBuildPhase;
			buildActionMask = 2147483647;
			files = (
				5FFD62E91D7A276B00E5281B /* SuperReducedString.cpp in Sources */,
			);
			runOnlyForDeploymentPostprocessing = 0;
		};
/* End PBXSourcesBuildPhase section */

/* Begin XCBuildConfiguration section */
		5FE2DB8E1D4D5ABD007CDFD2 /* Debug */ = {
			isa = XCBuildConfiguration;
			buildSettings = {
				ALWAYS_SEARCH_USER_PATHS = NO;
				CLANG_ANALYZER_NONNULL = YES;
				CLANG_CXX_LANGUAGE_STANDARD = "gnu++0x";
				CLANG_CXX_LIBRARY = "libc++";
				CLANG_ENABLE_MODULES = YES;
				CLANG_ENABLE_OBJC_ARC = YES;
				CLANG_WARN_BOOL_CONVERSION = YES;
				CLANG_WARN_CONSTANT_CONVERSION = YES;
				CLANG_WARN_DIRECT_OBJC_ISA_USAGE = YES_ERROR;
				CLANG_WARN_EMPTY_BODY = YES;
				CLANG_WARN_ENUM_CONVERSION = YES;
				CLANG_WARN_INT_CONVERSION = YES;
				CLANG_WARN_OBJC_ROOT_CLASS = YES_ERROR;
				CLANG_WARN_UNREACHABLE_CODE = YES;
				CLANG_WARN__DUPLICATE_METHOD_MATCH = YES;
				CODE_SIGN_IDENTITY = "-";
				COPY_PHASE_STRIP = NO;
				DEBUG_INFORMATION_FORMAT = dwarf;
				ENABLE_STRICT_OBJC_MSGSEND = YES;
				ENABLE_TESTABILITY = YES;
				GCC_C_LANGUAGE_STANDARD = gnu99;
				GCC_DYNAMIC_NO_PIC = NO;
				GCC_NO_COMMON_BLOCKS = YES;
				GCC_OPTIMIZATION_LEVEL = 0;
				GCC_PREPROCESSOR_DEFINITIONS = (
					"DEBUG=1",
					"$(inherited)",
				);
				GCC_WARN_64_TO_32_BIT_CONVERSION = YES;
				GCC_WARN_ABOUT_RETURN_TYPE = YES_ERROR;
				GCC_WARN_UNDECLARED_SELECTOR = YES;
				GCC_WARN_UNINITIALIZED_AUTOS = YES_AGGRESSIVE;
				GCC_WARN_UNUSED_FUNCTION = YES;
				GCC_WARN_UNUSED_VARIABLE = YES;
				MACOSX_DEPLOYMENT_TARGET = 10.11;
				MTL_ENABLE_DEBUG_INFO = YES;
				ONLY_ACTIVE_ARCH = YES;
				SDKROOT = macosx;
			};
			name = Debug;
		};
		5FE2DB8F1D4D5ABD007CDFD2 /* Release */ = {
			isa = XCBuildConfiguration;
			buildSettings = {
				ALWAYS_SEARCH_USER_PATHS = NO;
				CLANG_ANALYZER_NONNULL = YES;
				CLANG_CXX_LANGUAGE_STANDARD = "gnu++0x";
				CLANG_CXX_LIBRARY = "libc++";
				CLANG_ENABLE_MODULES = YES;
				CLANG_ENABLE_OBJC_ARC = YES;
				CLANG_WARN_BOOL_CONVERSION = YES;
				CLANG_WARN_CONSTANT_CONVERSION = YES;
				CLANG_WARN_DIRECT_OBJC_ISA_USAGE = YES_ERROR;
				CLANG_WARN_EMPTY_BODY = YES;
				CLANG_WARN_ENUM_CONVERSION = YES;
				CLANG_WARN_INT_CONVERSION = YES;
				CLANG_WARN_OBJC_ROOT_CLASS = YES_ERROR;
				CLANG_WARN_UNREACHABLE_CODE = YES;
				CLANG_WARN__DUPLICATE_METHOD_MATCH = YES;
				CODE_SIGN_IDENTITY = "-";
				COPY_PHASE_STRIP = NO;
				DEBUG_INFORMATION_FORMAT = "dwarf-with-dsym";
				ENABLE_NS_ASSERTIONS = NO;
				ENABLE_STRICT_OBJC_MSGSEND = YES;
				GCC_C_LANGUAGE_STANDARD = gnu99;
				GCC_NO_COMMON_BLOCKS = YES;
				GCC_WARN_64_TO_32_BIT_CONVERSION = YES;
				GCC_WARN_ABOUT_RETURN_TYPE = YES_ERROR;
				GCC_WARN_UNDECLARED_SELECTOR = YES;
				GCC_WARN_UNINITIALIZED_AUTOS = YES_AGGRESSIVE;
				GCC_WARN_UNUSED_FUNCTION = YES;
				GCC_WARN_UNUSED_VARIABLE = YES;
				MACOSX_DEPLOYMENT_TARGET = 10.11;
				MTL_ENABLE_DEBUG_INFO = NO;
				SDKROOT = macosx;
			};
			name = Release;
		};
		5FE2DB911D4D5ABD007CDFD2 /* Debug */ = {
			isa = XCBuildConfiguration;
			buildSettings = {
				PRODUCT_NAME = "$(TARGET_NAME)";
			};
			name = Debug;
		};
		5FE2DB921D4D5ABD007CDFD2 /* Release */ = {
			isa = XCBuildConfiguration;
			buildSettings = {
				PRODUCT_NAME = "$(TARGET_NAME)";
			};
			name = Release;
		};
/* End XCBuildConfiguration section */

/* Begin XCConfigurationList section */
		5FE2DB841D4D5ABD007CDFD2 /* Build configuration list for PBXProject "HackerRank" */ = {
			isa = XCConfigurationList;
			buildConfigurations = (
				5FE2DB8E1D4D5ABD007CDFD2 /* Debug */,
				5FE2DB8F1D4D5ABD007CDFD2 /* Release */,
			);
			defaultConfigurationIsVisible = 0;
			defaultConfigurationName = Release;
		};
		5FE2DB901D4D5ABD007CDFD2 /* Build configuration list for PBXNativeTarget "HackerRank" */ = {
			isa = XCConfigurationList;
			buildConfigurations = (
				5FE2DB911D4D5ABD007CDFD2 /* Debug */,
				5FE2DB921D4D5ABD007CDFD2 /* Release */,
			);
			defaultConfigurationIsVisible = 0;
			defaultConfigurationName = Release;
		};
/* End XCConfigurationList section */
	};
	rootObject = 5FE2DB811D4D5ABD007CDFD2 /* Project object */;
}
